// !$*UTF8*$!
{
	archiveVersion = 1;
	classes = {
	};
	objectVersion = 55;
	objects = {

/* Begin PBXBuildFile section */
		BB551F942894E39C0056A32D /* AppDelegate.swift in Sources */ = {isa = PBXBuildFile; fileRef = BB551F932894E39C0056A32D /* AppDelegate.swift */; };
		BB551F962894E39C0056A32D /* SceneDelegate.swift in Sources */ = {isa = PBXBuildFile; fileRef = BB551F952894E39C0056A32D /* SceneDelegate.swift */; };
		BB551F982894E39C0056A32D /* HomeViewController.swift in Sources */ = {isa = PBXBuildFile; fileRef = BB551F972894E39C0056A32D /* HomeViewController.swift */; };
		BB551F9B2894E39C0056A32D /* Main.storyboard in Resources */ = {isa = PBXBuildFile; fileRef = BB551F992894E39C0056A32D /* Main.storyboard */; };
		BB551F9D2894E39D0056A32D /* Assets.xcassets in Resources */ = {isa = PBXBuildFile; fileRef = BB551F9C2894E39D0056A32D /* Assets.xcassets */; };
		BB551FA02894E39D0056A32D /* LaunchScreen.storyboard in Resources */ = {isa = PBXBuildFile; fileRef = BB551F9E2894E39D0056A32D /* LaunchScreen.storyboard */; };
		BB551FC82894E6660056A32D /* HomeViewModel.swift in Sources */ = {isa = PBXBuildFile; fileRef = BB551FC72894E6660056A32D /* HomeViewModel.swift */; };
		BB551FCB2894EC770056A32D /* Employee.swift in Sources */ = {isa = PBXBuildFile; fileRef = BB551FCA2894EC770056A32D /* Employee.swift */; };
		BB551FE12894F7740056A32D /* EmpServiceOperation.swift in Sources */ = {isa = PBXBuildFile; fileRef = BB551FE02894F7740056A32D /* EmpServiceOperation.swift */; };
		BB551FE42894F7D40056A32D /* AppConfigurationService.swift in Sources */ = {isa = PBXBuildFile; fileRef = BB551FE32894F7D40056A32D /* AppConfigurationService.swift */; };
		BB551FE82894FF2F0056A32D /* EmpService.swift in Sources */ = {isa = PBXBuildFile; fileRef = BB551FE72894FF2F0056A32D /* EmpService.swift */; };
		BB8A0753289728E100ABE684 /* ConstantTests.swift in Sources */ = {isa = PBXBuildFile; fileRef = BB8A0752289728E100ABE684 /* ConstantTests.swift */; };
		BB8A076728972D0C00ABE684 /* Constants.swift in Sources */ = {isa = PBXBuildFile; fileRef = BBC8DCFD2895269000B09141 /* Constants.swift */; };
		BB8A07872897313100ABE684 /* RestService.swift in Sources */ = {isa = PBXBuildFile; fileRef = BB8A07862897313100ABE684 /* RestService.swift */; };
		BB8A078A2897313A00ABE684 /* RestError.swift in Sources */ = {isa = PBXBuildFile; fileRef = BB8A07882897313A00ABE684 /* RestError.swift */; };
		BB8A078B2897313A00ABE684 /* RestError.swift in Sources */ = {isa = PBXBuildFile; fileRef = BB8A07882897313A00ABE684 /* RestError.swift */; };
		BB8A078C2897313A00ABE684 /* RestServiceResponseError.swift in Sources */ = {isa = PBXBuildFile; fileRef = BB8A07892897313A00ABE684 /* RestServiceResponseError.swift */; };
		BB8A078D2897313A00ABE684 /* RestServiceResponseError.swift in Sources */ = {isa = PBXBuildFile; fileRef = BB8A07892897313A00ABE684 /* RestServiceResponseError.swift */; };
		BB8A078E2897313E00ABE684 /* RestService.swift in Sources */ = {isa = PBXBuildFile; fileRef = BB8A07862897313100ABE684 /* RestService.swift */; };
		BB8A07952897314900ABE684 /* RestServiceOperation.swift in Sources */ = {isa = PBXBuildFile; fileRef = BB8A078F2897314900ABE684 /* RestServiceOperation.swift */; };
		BB8A07962897314900ABE684 /* RestServiceOperation.swift in Sources */ = {isa = PBXBuildFile; fileRef = BB8A078F2897314900ABE684 /* RestServiceOperation.swift */; };
		BB8A07972897314900ABE684 /* RestServiceRequestConfiguration.swift in Sources */ = {isa = PBXBuildFile; fileRef = BB8A07902897314900ABE684 /* RestServiceRequestConfiguration.swift */; };
		BB8A07982897314900ABE684 /* RestServiceRequestConfiguration.swift in Sources */ = {isa = PBXBuildFile; fileRef = BB8A07902897314900ABE684 /* RestServiceRequestConfiguration.swift */; };
		BB8A07992897314900ABE684 /* Results.swift in Sources */ = {isa = PBXBuildFile; fileRef = BB8A07912897314900ABE684 /* Results.swift */; };
		BB8A079A2897314900ABE684 /* Results.swift in Sources */ = {isa = PBXBuildFile; fileRef = BB8A07912897314900ABE684 /* Results.swift */; };
		BB8A079B2897314900ABE684 /* HTTPProtocol.swift in Sources */ = {isa = PBXBuildFile; fileRef = BB8A07922897314900ABE684 /* HTTPProtocol.swift */; };
		BB8A079C2897314900ABE684 /* HTTPProtocol.swift in Sources */ = {isa = PBXBuildFile; fileRef = BB8A07922897314900ABE684 /* HTTPProtocol.swift */; };
		BB8A079D2897314900ABE684 /* HTTPContentType.swift in Sources */ = {isa = PBXBuildFile; fileRef = BB8A07932897314900ABE684 /* HTTPContentType.swift */; };
		BB8A079E2897314900ABE684 /* HTTPContentType.swift in Sources */ = {isa = PBXBuildFile; fileRef = BB8A07932897314900ABE684 /* HTTPContentType.swift */; };
		BB8A079F2897314900ABE684 /* HTTPMethod.swift in Sources */ = {isa = PBXBuildFile; fileRef = BB8A07942897314900ABE684 /* HTTPMethod.swift */; };
		BB8A07A02897314900ABE684 /* HTTPMethod.swift in Sources */ = {isa = PBXBuildFile; fileRef = BB8A07942897314900ABE684 /* HTTPMethod.swift */; };
		BB8A07A22897315500ABE684 /* RestServiceResponseHandler.swift in Sources */ = {isa = PBXBuildFile; fileRef = BB8A07A12897315500ABE684 /* RestServiceResponseHandler.swift */; };
		BB8A07A32897315500ABE684 /* RestServiceResponseHandler.swift in Sources */ = {isa = PBXBuildFile; fileRef = BB8A07A12897315500ABE684 /* RestServiceResponseHandler.swift */; };
		BB8A07A52897315E00ABE684 /* ImageDownloadManager.swift in Sources */ = {isa = PBXBuildFile; fileRef = BB8A07A42897315E00ABE684 /* ImageDownloadManager.swift */; };
		BB8A07A62897315E00ABE684 /* ImageDownloadManager.swift in Sources */ = {isa = PBXBuildFile; fileRef = BB8A07A42897315E00ABE684 /* ImageDownloadManager.swift */; };
		BB8A07A92897316900ABE684 /* UIView+Extension.swift in Sources */ = {isa = PBXBuildFile; fileRef = BB8A07A72897316900ABE684 /* UIView+Extension.swift */; };
		BB8A07AA2897316900ABE684 /* UIView+Extension.swift in Sources */ = {isa = PBXBuildFile; fileRef = BB8A07A72897316900ABE684 /* UIView+Extension.swift */; };
		BB8A07AB2897316900ABE684 /* UIImage+Extension.swift in Sources */ = {isa = PBXBuildFile; fileRef = BB8A07A82897316900ABE684 /* UIImage+Extension.swift */; };
		BB8A07AC2897316900ABE684 /* UIImage+Extension.swift in Sources */ = {isa = PBXBuildFile; fileRef = BB8A07A82897316900ABE684 /* UIImage+Extension.swift */; };
		BB8A07B02897317C00ABE684 /* CacheConfig.swift in Sources */ = {isa = PBXBuildFile; fileRef = BB8A07AE2897317C00ABE684 /* CacheConfig.swift */; };
		BB8A07B12897317C00ABE684 /* CacheConfig.swift in Sources */ = {isa = PBXBuildFile; fileRef = BB8A07AE2897317C00ABE684 /* CacheConfig.swift */; };
		BB8A07B22897317C00ABE684 /* CacheProtocol.swift in Sources */ = {isa = PBXBuildFile; fileRef = BB8A07AF2897317C00ABE684 /* CacheProtocol.swift */; };
		BB8A07B32897317C00ABE684 /* CacheProtocol.swift in Sources */ = {isa = PBXBuildFile; fileRef = BB8A07AF2897317C00ABE684 /* CacheProtocol.swift */; };
		BB8A07B72897318A00ABE684 /* FileCacheProvider.swift in Sources */ = {isa = PBXBuildFile; fileRef = BB8A07B52897318A00ABE684 /* FileCacheProvider.swift */; };
		BB8A07B82897318A00ABE684 /* FileCacheProvider.swift in Sources */ = {isa = PBXBuildFile; fileRef = BB8A07B52897318A00ABE684 /* FileCacheProvider.swift */; };
		BB8A07B92897318A00ABE684 /* MemoryCacheProvider.swift in Sources */ = {isa = PBXBuildFile; fileRef = BB8A07B62897318A00ABE684 /* MemoryCacheProvider.swift */; };
		BB8A07BA2897318A00ABE684 /* MemoryCacheProvider.swift in Sources */ = {isa = PBXBuildFile; fileRef = BB8A07B62897318A00ABE684 /* MemoryCacheProvider.swift */; };
		BB8A07C0289731A400ABE684 /* ActivityIndicatorProtocol.swift in Sources */ = {isa = PBXBuildFile; fileRef = BB8A07BF289731A400ABE684 /* ActivityIndicatorProtocol.swift */; };
		BB8A07C1289731A400ABE684 /* ActivityIndicatorProtocol.swift in Sources */ = {isa = PBXBuildFile; fileRef = BB8A07BF289731A400ABE684 /* ActivityIndicatorProtocol.swift */; };
		BB8A07C2289731AF00ABE684 /* HomeCollectionViewCell.swift in Sources */ = {isa = PBXBuildFile; fileRef = BBC8DCFA2895259800B09141 /* HomeCollectionViewCell.swift */; };
		BB8A07C3289731B100ABE684 /* Employee.swift in Sources */ = {isa = PBXBuildFile; fileRef = BB551FCA2894EC770056A32D /* Employee.swift */; };
		BB8A07C4289731B500ABE684 /* HomeViewController.swift in Sources */ = {isa = PBXBuildFile; fileRef = BB551F972894E39C0056A32D /* HomeViewController.swift */; };
		BB8A07C5289731B800ABE684 /* HomeViewModel.swift in Sources */ = {isa = PBXBuildFile; fileRef = BB551FC72894E6660056A32D /* HomeViewModel.swift */; };
		BB8A07C6289731BC00ABE684 /* AppConfigurationService.swift in Sources */ = {isa = PBXBuildFile; fileRef = BB551FE32894F7D40056A32D /* AppConfigurationService.swift */; };
		BB8A07C7289731BE00ABE684 /* EmpServiceOperation.swift in Sources */ = {isa = PBXBuildFile; fileRef = BB551FE02894F7740056A32D /* EmpServiceOperation.swift */; };
		BB8A07C8289731C100ABE684 /* EmpService.swift in Sources */ = {isa = PBXBuildFile; fileRef = BB551FE72894FF2F0056A32D /* EmpService.swift */; };
		BB8A07CE2897329E00ABE684 /* MockAppConfigurationService.swift in Sources */ = {isa = PBXBuildFile; fileRef = BB8A07CB2897329E00ABE684 /* MockAppConfigurationService.swift */; };
		BB8A07CF2897329E00ABE684 /* MockEmpService.swift in Sources */ = {isa = PBXBuildFile; fileRef = BB8A07CC2897329E00ABE684 /* MockEmpService.swift */; };
		BB8A07D02897329E00ABE684 /* MockEmpServiceConfiguration.swift in Sources */ = {isa = PBXBuildFile; fileRef = BB8A07CD2897329E00ABE684 /* MockEmpServiceConfiguration.swift */; };
		BB8A07D4289732BB00ABE684 /* AppConfigurationServiceTests.swift in Sources */ = {isa = PBXBuildFile; fileRef = BB8A07D3289732BB00ABE684 /* AppConfigurationServiceTests.swift */; };
		BB8A07D7289732CB00ABE684 /* EmpServiceOperationTests.swift in Sources */ = {isa = PBXBuildFile; fileRef = BB8A07D6289732CB00ABE684 /* EmpServiceOperationTests.swift */; };
		BB8A07DA289732DE00ABE684 /* HomeViewModelTests.swift in Sources */ = {isa = PBXBuildFile; fileRef = BB8A07D9289732DE00ABE684 /* HomeViewModelTests.swift */; };
		BB8A07DC2897389300ABE684 /* EmployeeType.swift in Sources */ = {isa = PBXBuildFile; fileRef = BB8A07DB2897389300ABE684 /* EmployeeType.swift */; };
		BB8A07DF289738AB00ABE684 /* EmployeeTypeTests.swift in Sources */ = {isa = PBXBuildFile; fileRef = BB8A07DE289738AB00ABE684 /* EmployeeTypeTests.swift */; };
		BB8A07E0289738D000ABE684 /* EmployeeType.swift in Sources */ = {isa = PBXBuildFile; fileRef = BB8A07DB2897389300ABE684 /* EmployeeType.swift */; };
		BB8A07E22897395200ABE684 /* EmployeeTests.swift in Sources */ = {isa = PBXBuildFile; fileRef = BB8A07E12897395200ABE684 /* EmployeeTests.swift */; };
		BB8A07E528973A6600ABE684 /* HomeViewControllerTests.swift in Sources */ = {isa = PBXBuildFile; fileRef = BB8A07E428973A6600ABE684 /* HomeViewControllerTests.swift */; };
		BB8A07EA2897400000ABE684 /* UIImageExtensionTests.swift in Sources */ = {isa = PBXBuildFile; fileRef = BB8A07E928973FFF00ABE684 /* UIImageExtensionTests.swift */; };
		BB8A07ED2897413B00ABE684 /* CacheConfigTests.swift in Sources */ = {isa = PBXBuildFile; fileRef = BB8A07EC2897413B00ABE684 /* CacheConfigTests.swift */; };
		BB8A07EF28974A5500ABE684 /* CacheProviderProtocol.swift in Sources */ = {isa = PBXBuildFile; fileRef = BB8A07EE28974A5500ABE684 /* CacheProviderProtocol.swift */; };
		BB8A07F228974AE000ABE684 /* CacheFactory.swift in Sources */ = {isa = PBXBuildFile; fileRef = BB8A07F128974AE000ABE684 /* CacheFactory.swift */; };
		BB8A07F428974B0300ABE684 /* CacheType.swift in Sources */ = {isa = PBXBuildFile; fileRef = BB8A07F328974B0300ABE684 /* CacheType.swift */; };
		BB8A07F528974C3C00ABE684 /* CacheProviderProtocol.swift in Sources */ = {isa = PBXBuildFile; fileRef = BB8A07EE28974A5500ABE684 /* CacheProviderProtocol.swift */; };
		BB8A07F628974C4C00ABE684 /* CacheFactory.swift in Sources */ = {isa = PBXBuildFile; fileRef = BB8A07F128974AE000ABE684 /* CacheFactory.swift */; };
		BB8A07F728974C5100ABE684 /* CacheType.swift in Sources */ = {isa = PBXBuildFile; fileRef = BB8A07F328974B0300ABE684 /* CacheType.swift */; };
		BBC8DCFB2895259800B09141 /* HomeCollectionViewCell.swift in Sources */ = {isa = PBXBuildFile; fileRef = BBC8DCFA2895259800B09141 /* HomeCollectionViewCell.swift */; };
		BBC8DCFE2895269000B09141 /* Constants.swift in Sources */ = {isa = PBXBuildFile; fileRef = BBC8DCFD2895269000B09141 /* Constants.swift */; };
/* End PBXBuildFile section */

/* Begin PBXContainerItemProxy section */
		BB8A0754289728E100ABE684 /* PBXContainerItemProxy */ = {
			isa = PBXContainerItemProxy;
			containerPortal = BB551F882894E39C0056A32D /* Project object */;
			proxyType = 1;
			remoteGlobalIDString = BB551F8F2894E39C0056A32D;
			remoteInfo = EmpApp;
		};
/* End PBXContainerItemProxy section */

/* Begin PBXFileReference section */
		BB551F902894E39C0056A32D /* EmpApp.app */ = {isa = PBXFileReference; explicitFileType = wrapper.application; includeInIndex = 0; path = EmpApp.app; sourceTree = BUILT_PRODUCTS_DIR; };
		BB551F932894E39C0056A32D /* AppDelegate.swift */ = {isa = PBXFileReference; lastKnownFileType = sourcecode.swift; path = AppDelegate.swift; sourceTree = "<group>"; };
		BB551F952894E39C0056A32D /* SceneDelegate.swift */ = {isa = PBXFileReference; lastKnownFileType = sourcecode.swift; path = SceneDelegate.swift; sourceTree = "<group>"; };
		BB551F972894E39C0056A32D /* HomeViewController.swift */ = {isa = PBXFileReference; lastKnownFileType = sourcecode.swift; path = HomeViewController.swift; sourceTree = "<group>"; };
		BB551F9A2894E39C0056A32D /* Base */ = {isa = PBXFileReference; lastKnownFileType = file.storyboard; name = Base; path = Base.lproj/Main.storyboard; sourceTree = "<group>"; };
		BB551F9C2894E39D0056A32D /* Assets.xcassets */ = {isa = PBXFileReference; lastKnownFileType = folder.assetcatalog; path = Assets.xcassets; sourceTree = "<group>"; };
		BB551F9F2894E39D0056A32D /* Base */ = {isa = PBXFileReference; lastKnownFileType = file.storyboard; name = Base; path = Base.lproj/LaunchScreen.storyboard; sourceTree = "<group>"; };
		BB551FA12894E39D0056A32D /* Info.plist */ = {isa = PBXFileReference; lastKnownFileType = text.plist.xml; path = Info.plist; sourceTree = "<group>"; };
		BB551FC72894E6660056A32D /* HomeViewModel.swift */ = {isa = PBXFileReference; lastKnownFileType = sourcecode.swift; path = HomeViewModel.swift; sourceTree = "<group>"; };
		BB551FCA2894EC770056A32D /* Employee.swift */ = {isa = PBXFileReference; lastKnownFileType = sourcecode.swift; path = Employee.swift; sourceTree = "<group>"; };
		BB551FE02894F7740056A32D /* EmpServiceOperation.swift */ = {isa = PBXFileReference; lastKnownFileType = sourcecode.swift; path = EmpServiceOperation.swift; sourceTree = "<group>"; };
		BB551FE32894F7D40056A32D /* AppConfigurationService.swift */ = {isa = PBXFileReference; lastKnownFileType = sourcecode.swift; path = AppConfigurationService.swift; sourceTree = "<group>"; };
		BB551FE72894FF2F0056A32D /* EmpService.swift */ = {isa = PBXFileReference; lastKnownFileType = sourcecode.swift; path = EmpService.swift; sourceTree = "<group>"; };
		BB8A0750289728E100ABE684 /* EmpAppTests.xctest */ = {isa = PBXFileReference; explicitFileType = wrapper.cfbundle; includeInIndex = 0; path = EmpAppTests.xctest; sourceTree = BUILT_PRODUCTS_DIR; };
		BB8A0752289728E100ABE684 /* ConstantTests.swift */ = {isa = PBXFileReference; lastKnownFileType = sourcecode.swift; path = ConstantTests.swift; sourceTree = "<group>"; };
		BB8A07862897313100ABE684 /* RestService.swift */ = {isa = PBXFileReference; fileEncoding = 4; lastKnownFileType = sourcecode.swift; path = RestService.swift; sourceTree = "<group>"; };
		BB8A07882897313A00ABE684 /* RestError.swift */ = {isa = PBXFileReference; fileEncoding = 4; lastKnownFileType = sourcecode.swift; path = RestError.swift; sourceTree = "<group>"; };
		BB8A07892897313A00ABE684 /* RestServiceResponseError.swift */ = {isa = PBXFileReference; fileEncoding = 4; lastKnownFileType = sourcecode.swift; path = RestServiceResponseError.swift; sourceTree = "<group>"; };
		BB8A078F2897314900ABE684 /* RestServiceOperation.swift */ = {isa = PBXFileReference; fileEncoding = 4; lastKnownFileType = sourcecode.swift; path = RestServiceOperation.swift; sourceTree = "<group>"; };
		BB8A07902897314900ABE684 /* RestServiceRequestConfiguration.swift */ = {isa = PBXFileReference; fileEncoding = 4; lastKnownFileType = sourcecode.swift; path = RestServiceRequestConfiguration.swift; sourceTree = "<group>"; };
		BB8A07912897314900ABE684 /* Results.swift */ = {isa = PBXFileReference; fileEncoding = 4; lastKnownFileType = sourcecode.swift; path = Results.swift; sourceTree = "<group>"; };
		BB8A07922897314900ABE684 /* HTTPProtocol.swift */ = {isa = PBXFileReference; fileEncoding = 4; lastKnownFileType = sourcecode.swift; path = HTTPProtocol.swift; sourceTree = "<group>"; };
		BB8A07932897314900ABE684 /* HTTPContentType.swift */ = {isa = PBXFileReference; fileEncoding = 4; lastKnownFileType = sourcecode.swift; path = HTTPContentType.swift; sourceTree = "<group>"; };
		BB8A07942897314900ABE684 /* HTTPMethod.swift */ = {isa = PBXFileReference; fileEncoding = 4; lastKnownFileType = sourcecode.swift; path = HTTPMethod.swift; sourceTree = "<group>"; };
		BB8A07A12897315500ABE684 /* RestServiceResponseHandler.swift */ = {isa = PBXFileReference; fileEncoding = 4; lastKnownFileType = sourcecode.swift; path = RestServiceResponseHandler.swift; sourceTree = "<group>"; };
		BB8A07A42897315E00ABE684 /* ImageDownloadManager.swift */ = {isa = PBXFileReference; fileEncoding = 4; lastKnownFileType = sourcecode.swift; path = ImageDownloadManager.swift; sourceTree = "<group>"; };
		BB8A07A72897316900ABE684 /* UIView+Extension.swift */ = {isa = PBXFileReference; fileEncoding = 4; lastKnownFileType = sourcecode.swift; path = "UIView+Extension.swift"; sourceTree = "<group>"; };
		BB8A07A82897316900ABE684 /* UIImage+Extension.swift */ = {isa = PBXFileReference; fileEncoding = 4; lastKnownFileType = sourcecode.swift; path = "UIImage+Extension.swift"; sourceTree = "<group>"; };
		BB8A07AE2897317C00ABE684 /* CacheConfig.swift */ = {isa = PBXFileReference; fileEncoding = 4; lastKnownFileType = sourcecode.swift; path = CacheConfig.swift; sourceTree = "<group>"; };
		BB8A07AF2897317C00ABE684 /* CacheProtocol.swift */ = {isa = PBXFileReference; fileEncoding = 4; lastKnownFileType = sourcecode.swift; path = CacheProtocol.swift; sourceTree = "<group>"; };
		BB8A07B52897318A00ABE684 /* FileCacheProvider.swift */ = {isa = PBXFileReference; fileEncoding = 4; lastKnownFileType = sourcecode.swift; path = FileCacheProvider.swift; sourceTree = "<group>"; };
		BB8A07B62897318A00ABE684 /* MemoryCacheProvider.swift */ = {isa = PBXFileReference; fileEncoding = 4; lastKnownFileType = sourcecode.swift; path = MemoryCacheProvider.swift; sourceTree = "<group>"; };
		BB8A07BF289731A400ABE684 /* ActivityIndicatorProtocol.swift */ = {isa = PBXFileReference; fileEncoding = 4; lastKnownFileType = sourcecode.swift; path = ActivityIndicatorProtocol.swift; sourceTree = "<group>"; };
		BB8A07CB2897329E00ABE684 /* MockAppConfigurationService.swift */ = {isa = PBXFileReference; fileEncoding = 4; lastKnownFileType = sourcecode.swift; path = MockAppConfigurationService.swift; sourceTree = "<group>"; };
		BB8A07CC2897329E00ABE684 /* MockEmpService.swift */ = {isa = PBXFileReference; fileEncoding = 4; lastKnownFileType = sourcecode.swift; path = MockEmpService.swift; sourceTree = "<group>"; };
		BB8A07CD2897329E00ABE684 /* MockEmpServiceConfiguration.swift */ = {isa = PBXFileReference; fileEncoding = 4; lastKnownFileType = sourcecode.swift; path = MockEmpServiceConfiguration.swift; sourceTree = "<group>"; };
		BB8A07D3289732BB00ABE684 /* AppConfigurationServiceTests.swift */ = {isa = PBXFileReference; fileEncoding = 4; lastKnownFileType = sourcecode.swift; path = AppConfigurationServiceTests.swift; sourceTree = "<group>"; };
		BB8A07D6289732CB00ABE684 /* EmpServiceOperationTests.swift */ = {isa = PBXFileReference; fileEncoding = 4; lastKnownFileType = sourcecode.swift; path = EmpServiceOperationTests.swift; sourceTree = "<group>"; };
		BB8A07D9289732DE00ABE684 /* HomeViewModelTests.swift */ = {isa = PBXFileReference; fileEncoding = 4; lastKnownFileType = sourcecode.swift; path = HomeViewModelTests.swift; sourceTree = "<group>"; };
		BB8A07DB2897389300ABE684 /* EmployeeType.swift */ = {isa = PBXFileReference; lastKnownFileType = sourcecode.swift; path = EmployeeType.swift; sourceTree = "<group>"; };
		BB8A07DE289738AB00ABE684 /* EmployeeTypeTests.swift */ = {isa = PBXFileReference; lastKnownFileType = sourcecode.swift; path = EmployeeTypeTests.swift; sourceTree = "<group>"; };
		BB8A07E12897395200ABE684 /* EmployeeTests.swift */ = {isa = PBXFileReference; lastKnownFileType = sourcecode.swift; path = EmployeeTests.swift; sourceTree = "<group>"; };
		BB8A07E428973A6600ABE684 /* HomeViewControllerTests.swift */ = {isa = PBXFileReference; lastKnownFileType = sourcecode.swift; path = HomeViewControllerTests.swift; sourceTree = "<group>"; };
		BB8A07E928973FFF00ABE684 /* UIImageExtensionTests.swift */ = {isa = PBXFileReference; lastKnownFileType = sourcecode.swift; path = UIImageExtensionTests.swift; sourceTree = "<group>"; };
		BB8A07EC2897413B00ABE684 /* CacheConfigTests.swift */ = {isa = PBXFileReference; lastKnownFileType = sourcecode.swift; path = CacheConfigTests.swift; sourceTree = "<group>"; };
		BB8A07EE28974A5500ABE684 /* CacheProviderProtocol.swift */ = {isa = PBXFileReference; lastKnownFileType = sourcecode.swift; path = CacheProviderProtocol.swift; sourceTree = "<group>"; };
		BB8A07F128974AE000ABE684 /* CacheFactory.swift */ = {isa = PBXFileReference; lastKnownFileType = sourcecode.swift; path = CacheFactory.swift; sourceTree = "<group>"; };
		BB8A07F328974B0300ABE684 /* CacheType.swift */ = {isa = PBXFileReference; lastKnownFileType = sourcecode.swift; path = CacheType.swift; sourceTree = "<group>"; };
		BBC8DCFA2895259800B09141 /* HomeCollectionViewCell.swift */ = {isa = PBXFileReference; lastKnownFileType = sourcecode.swift; path = HomeCollectionViewCell.swift; sourceTree = "<group>"; };
		BBC8DCFD2895269000B09141 /* Constants.swift */ = {isa = PBXFileReference; lastKnownFileType = sourcecode.swift; path = Constants.swift; sourceTree = "<group>"; };
/* End PBXFileReference section */

/* Begin PBXFrameworksBuildPhase section */
		BB551F8D2894E39C0056A32D /* Frameworks */ = {
			isa = PBXFrameworksBuildPhase;
			buildActionMask = 2147483647;
			files = (
			);
			runOnlyForDeploymentPostprocessing = 0;
		};
		BB8A074D289728E100ABE684 /* Frameworks */ = {
			isa = PBXFrameworksBuildPhase;
			buildActionMask = 2147483647;
			files = (
			);
			runOnlyForDeploymentPostprocessing = 0;
		};
/* End PBXFrameworksBuildPhase section */

/* Begin PBXGroup section */
		BB551F872894E39C0056A32D = {
			isa = PBXGroup;
			children = (
				BB551F922894E39C0056A32D /* EmpApp */,
				BB8A0751289728E100ABE684 /* EmpAppTests */,
				BB551F912894E39C0056A32D /* Products */,
				BBC8DCF328951CDE00B09141 /* Frameworks */,
			);
			sourceTree = "<group>";
		};
		BB551F912894E39C0056A32D /* Products */ = {
			isa = PBXGroup;
			children = (
				BB551F902894E39C0056A32D /* EmpApp.app */,
				BB8A0750289728E100ABE684 /* EmpAppTests.xctest */,
			);
			name = Products;
			sourceTree = "<group>";
		};
		BB551F922894E39C0056A32D /* EmpApp */ = {
			isa = PBXGroup;
			children = (
				BB8A076B28972D6600ABE684 /* Resources */,
				BB8A076928972D2300ABE684 /* Storyboard */,
				BB8A076828972D1600ABE684 /* AppDelegate */,
				BB8A070C2897250900ABE684 /* Abstractions */,
				BBC8DCFC2895268600B09141 /* Constants */,
				BBC8DCF92895257800B09141 /* Views */,
				BB551FC92894EC6D0056A32D /* DataModel */,
				BB551FC42894E3E00056A32D /* ViewController */,
				BB551FC32894E3D60056A32D /* ViewModel */,
				BB551FC62894E6170056A32D /* Networking */,
				BB551FA12894E39D0056A32D /* Info.plist */,
			);
			path = EmpApp;
			sourceTree = "<group>";
		};
		BB551FC32894E3D60056A32D /* ViewModel */ = {
			isa = PBXGroup;
			children = (
				BB551FC72894E6660056A32D /* HomeViewModel.swift */,
			);
			path = ViewModel;
			sourceTree = "<group>";
		};
		BB551FC42894E3E00056A32D /* ViewController */ = {
			isa = PBXGroup;
			children = (
				BB551F972894E39C0056A32D /* HomeViewController.swift */,
			);
			path = ViewController;
			sourceTree = "<group>";
		};
		BB551FC62894E6170056A32D /* Networking */ = {
			isa = PBXGroup;
			children = (
				BBC8DCF828951E7400B09141 /* ConfigurationService */,
				BB551FE22894F7CB0056A32D /* EmpServices */,
			);
			path = Networking;
			sourceTree = "<group>";
		};
		BB551FC92894EC6D0056A32D /* DataModel */ = {
			isa = PBXGroup;
			children = (
				BB551FCA2894EC770056A32D /* Employee.swift */,
				BB8A07DB2897389300ABE684 /* EmployeeType.swift */,
			);
			path = DataModel;
			sourceTree = "<group>";
		};
		BB551FE22894F7CB0056A32D /* EmpServices */ = {
			isa = PBXGroup;
			children = (
				BB551FE02894F7740056A32D /* EmpServiceOperation.swift */,
				BB551FE72894FF2F0056A32D /* EmpService.swift */,
			);
			path = EmpServices;
			sourceTree = "<group>";
		};
		BB8A070C2897250900ABE684 /* Abstractions */ = {
			isa = PBXGroup;
			children = (
				BB8A077C289730D900ABE684 /* Core */,
			);
			path = Abstractions;
			sourceTree = "<group>";
		};
		BB8A0751289728E100ABE684 /* EmpAppTests */ = {
			isa = PBXGroup;
			children = (
				BB8A07E728973FE900ABE684 /* Abstractions */,
				BB8A07E328973A5B00ABE684 /* ViewController */,
				BB8A07DD2897389F00ABE684 /* DataModel */,
				BB8A07D8289732D500ABE684 /* ViewModel */,
				BB8A07D1289732AC00ABE684 /* Networking */,
				BB8A07CA2897329600ABE684 /* Mocks */,
				BB8A07C92897320700ABE684 /* Constants */,
			);
			path = EmpAppTests;
			sourceTree = "<group>";
		};
		BB8A076828972D1600ABE684 /* AppDelegate */ = {
			isa = PBXGroup;
			children = (
				BB551F932894E39C0056A32D /* AppDelegate.swift */,
				BB551F952894E39C0056A32D /* SceneDelegate.swift */,
			);
			path = AppDelegate;
			sourceTree = "<group>";
		};
		BB8A076928972D2300ABE684 /* Storyboard */ = {
			isa = PBXGroup;
			children = (
				BB551F9E2894E39D0056A32D /* LaunchScreen.storyboard */,
				BB551F992894E39C0056A32D /* Main.storyboard */,
			);
			path = Storyboard;
			sourceTree = "<group>";
		};
		BB8A076B28972D6600ABE684 /* Resources */ = {
			isa = PBXGroup;
			children = (
				BB551F9C2894E39D0056A32D /* Assets.xcassets */,
			);
			path = Resources;
			sourceTree = "<group>";
		};
		BB8A077C289730D900ABE684 /* Core */ = {
			isa = PBXGroup;
			children = (
				BB8A07812897310A00ABE684 /* Networking */,
				BB8A07802897310400ABE684 /* Managers */,
				BB8A077F2897310000ABE684 /* Extensions */,
				BB8A077E289730F800ABE684 /* CacheManager */,
				BB8A077D289730E300ABE684 /* ActivityControl */,
			);
			path = Core;
			sourceTree = "<group>";
		};
		BB8A077D289730E300ABE684 /* ActivityControl */ = {
			isa = PBXGroup;
			children = (
				BB8A07BF289731A400ABE684 /* ActivityIndicatorProtocol.swift */,
			);
			path = ActivityControl;
			sourceTree = "<group>";
		};
		BB8A077E289730F800ABE684 /* CacheManager */ = {
			isa = PBXGroup;
			children = (
				BB8A07F028974AD900ABE684 /* Factory */,
				BB8A07B42897317F00ABE684 /* Providers */,
				BB8A07AD2897317200ABE684 /* Confgurations */,
			);
			path = CacheManager;
			sourceTree = "<group>";
		};
		BB8A077F2897310000ABE684 /* Extensions */ = {
			isa = PBXGroup;
			children = (
				BB8A07A82897316900ABE684 /* UIImage+Extension.swift */,
				BB8A07A72897316900ABE684 /* UIView+Extension.swift */,
			);
			path = Extensions;
			sourceTree = "<group>";
		};
		BB8A07802897310400ABE684 /* Managers */ = {
			isa = PBXGroup;
			children = (
				BB8A07A42897315E00ABE684 /* ImageDownloadManager.swift */,
			);
			path = Managers;
			sourceTree = "<group>";
		};
		BB8A07812897310A00ABE684 /* Networking */ = {
			isa = PBXGroup;
			children = (
				BB8A07852897312800ABE684 /* RestService */,
				BB8A07842897312300ABE684 /* RestError */,
				BB8A07832897311E00ABE684 /* RestConfiguration */,
				BB8A07822897311500ABE684 /* ResponseHandlers */,
			);
			path = Networking;
			sourceTree = "<group>";
		};
		BB8A07822897311500ABE684 /* ResponseHandlers */ = {
			isa = PBXGroup;
			children = (
				BB8A07A12897315500ABE684 /* RestServiceResponseHandler.swift */,
			);
			path = ResponseHandlers;
			sourceTree = "<group>";
		};
		BB8A07832897311E00ABE684 /* RestConfiguration */ = {
			isa = PBXGroup;
			children = (
				BB8A07932897314900ABE684 /* HTTPContentType.swift */,
				BB8A07942897314900ABE684 /* HTTPMethod.swift */,
				BB8A07922897314900ABE684 /* HTTPProtocol.swift */,
				BB8A078F2897314900ABE684 /* RestServiceOperation.swift */,
				BB8A07902897314900ABE684 /* RestServiceRequestConfiguration.swift */,
				BB8A07912897314900ABE684 /* Results.swift */,
			);
			path = RestConfiguration;
			sourceTree = "<group>";
		};
		BB8A07842897312300ABE684 /* RestError */ = {
			isa = PBXGroup;
			children = (
				BB8A07882897313A00ABE684 /* RestError.swift */,
				BB8A07892897313A00ABE684 /* RestServiceResponseError.swift */,
			);
			path = RestError;
			sourceTree = "<group>";
		};
		BB8A07852897312800ABE684 /* RestService */ = {
			isa = PBXGroup;
			children = (
				BB8A07862897313100ABE684 /* RestService.swift */,
			);
			path = RestService;
			sourceTree = "<group>";
		};
		BB8A07AD2897317200ABE684 /* Confgurations */ = {
			isa = PBXGroup;
			children = (
				BB8A07AE2897317C00ABE684 /* CacheConfig.swift */,
				BB8A07AF2897317C00ABE684 /* CacheProtocol.swift */,
			);
			path = Confgurations;
			sourceTree = "<group>";
		};
		BB8A07B42897317F00ABE684 /* Providers */ = {
			isa = PBXGroup;
			children = (
				BB8A07B52897318A00ABE684 /* FileCacheProvider.swift */,
				BB8A07B62897318A00ABE684 /* MemoryCacheProvider.swift */,
				BB8A07EE28974A5500ABE684 /* CacheProviderProtocol.swift */,
			);
			path = Providers;
			sourceTree = "<group>";
		};
		BB8A07C92897320700ABE684 /* Constants */ = {
			isa = PBXGroup;
			children = (
				BB8A0752289728E100ABE684 /* ConstantTests.swift */,
			);
			path = Constants;
			sourceTree = "<group>";
		};
		BB8A07CA2897329600ABE684 /* Mocks */ = {
			isa = PBXGroup;
			children = (
				BB8A07CB2897329E00ABE684 /* MockAppConfigurationService.swift */,
				BB8A07CC2897329E00ABE684 /* MockEmpService.swift */,
				BB8A07CD2897329E00ABE684 /* MockEmpServiceConfiguration.swift */,
			);
			path = Mocks;
			sourceTree = "<group>";
		};
		BB8A07D1289732AC00ABE684 /* Networking */ = {
			isa = PBXGroup;
			children = (
				BB8A07D5289732C300ABE684 /* EmpServiceTests */,
				BB8A07D2289732B400ABE684 /* ConfigurationServiceTests */,
			);
			path = Networking;
			sourceTree = "<group>";
		};
		BB8A07D2289732B400ABE684 /* ConfigurationServiceTests */ = {
			isa = PBXGroup;
			children = (
				BB8A07D3289732BB00ABE684 /* AppConfigurationServiceTests.swift */,
			);
			path = ConfigurationServiceTests;
			sourceTree = "<group>";
		};
		BB8A07D5289732C300ABE684 /* EmpServiceTests */ = {
			isa = PBXGroup;
			children = (
				BB8A07D6289732CB00ABE684 /* EmpServiceOperationTests.swift */,
			);
			path = EmpServiceTests;
			sourceTree = "<group>";
		};
		BB8A07D8289732D500ABE684 /* ViewModel */ = {
			isa = PBXGroup;
			children = (
				BB8A07D9289732DE00ABE684 /* HomeViewModelTests.swift */,
			);
			path = ViewModel;
			sourceTree = "<group>";
		};
		BB8A07DD2897389F00ABE684 /* DataModel */ = {
			isa = PBXGroup;
			children = (
				BB8A07DE289738AB00ABE684 /* EmployeeTypeTests.swift */,
				BB8A07E12897395200ABE684 /* EmployeeTests.swift */,
			);
			path = DataModel;
			sourceTree = "<group>";
		};
		BB8A07E328973A5B00ABE684 /* ViewController */ = {
			isa = PBXGroup;
			children = (
				BB8A07E428973A6600ABE684 /* HomeViewControllerTests.swift */,
			);
			path = ViewController;
			sourceTree = "<group>";
		};
		BB8A07E728973FE900ABE684 /* Abstractions */ = {
			isa = PBXGroup;
			children = (
				BB8A07EB2897413400ABE684 /* Cache */,
				BB8A07E828973FF400ABE684 /* Extensions */,
			);
			path = Abstractions;
			sourceTree = "<group>";
		};
		BB8A07E828973FF400ABE684 /* Extensions */ = {
			isa = PBXGroup;
			children = (
				BB8A07E928973FFF00ABE684 /* UIImageExtensionTests.swift */,
			);
			path = Extensions;
			sourceTree = "<group>";
		};
		BB8A07EB2897413400ABE684 /* Cache */ = {
			isa = PBXGroup;
			children = (
				BB8A07EC2897413B00ABE684 /* CacheConfigTests.swift */,
			);
			path = Cache;
			sourceTree = "<group>";
		};
		BB8A07F028974AD900ABE684 /* Factory */ = {
			isa = PBXGroup;
			children = (
				BB8A07F128974AE000ABE684 /* CacheFactory.swift */,
				BB8A07F328974B0300ABE684 /* CacheType.swift */,
			);
			path = Factory;
			sourceTree = "<group>";
		};
		BBC8DCF328951CDE00B09141 /* Frameworks */ = {
			isa = PBXGroup;
			children = (
			);
			name = Frameworks;
			sourceTree = "<group>";
		};
		BBC8DCF828951E7400B09141 /* ConfigurationService */ = {
			isa = PBXGroup;
			children = (
				BB551FE32894F7D40056A32D /* AppConfigurationService.swift */,
			);
			path = ConfigurationService;
			sourceTree = "<group>";
		};
		BBC8DCF92895257800B09141 /* Views */ = {
			isa = PBXGroup;
			children = (
				BBC8DCFA2895259800B09141 /* HomeCollectionViewCell.swift */,
			);
			path = Views;
			sourceTree = "<group>";
		};
		BBC8DCFC2895268600B09141 /* Constants */ = {
			isa = PBXGroup;
			children = (
				BBC8DCFD2895269000B09141 /* Constants.swift */,
			);
			path = Constants;
			sourceTree = "<group>";
		};
/* End PBXGroup section */

/* Begin PBXNativeTarget section */
		BB551F8F2894E39C0056A32D /* EmpApp */ = {
			isa = PBXNativeTarget;
			buildConfigurationList = BB551FBA2894E39E0056A32D /* Build configuration list for PBXNativeTarget "EmpApp" */;
			buildPhases = (
				BB551F8C2894E39C0056A32D /* Sources */,
				BB551F8D2894E39C0056A32D /* Frameworks */,
				BB551F8E2894E39C0056A32D /* Resources */,
			);
			buildRules = (
			);
			dependencies = (
			);
			name = EmpApp;
			packageProductDependencies = (
			);
			productName = EmpApp;
			productReference = BB551F902894E39C0056A32D /* EmpApp.app */;
			productType = "com.apple.product-type.application";
		};
		BB8A074F289728E100ABE684 /* EmpAppTests */ = {
			isa = PBXNativeTarget;
			buildConfigurationList = BB8A0756289728E100ABE684 /* Build configuration list for PBXNativeTarget "EmpAppTests" */;
			buildPhases = (
				BB8A074C289728E100ABE684 /* Sources */,
				BB8A074D289728E100ABE684 /* Frameworks */,
				BB8A074E289728E100ABE684 /* Resources */,
			);
			buildRules = (
			);
			dependencies = (
				BB8A0755289728E100ABE684 /* PBXTargetDependency */,
			);
			name = EmpAppTests;
			productName = EmpAppTests;
			productReference = BB8A0750289728E100ABE684 /* EmpAppTests.xctest */;
			productType = "com.apple.product-type.bundle.unit-test";
		};
/* End PBXNativeTarget section */

/* Begin PBXProject section */
		BB551F882894E39C0056A32D /* Project object */ = {
			isa = PBXProject;
			attributes = {
				BuildIndependentTargetsInParallel = 1;
				LastSwiftUpdateCheck = 1340;
				LastUpgradeCheck = 1340;
				TargetAttributes = {
					BB551F8F2894E39C0056A32D = {
						CreatedOnToolsVersion = 13.4.1;
					};
					BB8A074F289728E100ABE684 = {
						CreatedOnToolsVersion = 13.4.1;
					};
				};
			};
			buildConfigurationList = BB551F8B2894E39C0056A32D /* Build configuration list for PBXProject "EmpApp" */;
			compatibilityVersion = "Xcode 13.0";
			developmentRegion = en;
			hasScannedForEncodings = 0;
			knownRegions = (
				en,
				Base,
			);
			mainGroup = BB551F872894E39C0056A32D;
			productRefGroup = BB551F912894E39C0056A32D /* Products */;
			projectDirPath = "";
			projectRoot = "";
			targets = (
				BB551F8F2894E39C0056A32D /* EmpApp */,
				BB8A074F289728E100ABE684 /* EmpAppTests */,
			);
		};
/* End PBXProject section */

/* Begin PBXResourcesBuildPhase section */
		BB551F8E2894E39C0056A32D /* Resources */ = {
			isa = PBXResourcesBuildPhase;
			buildActionMask = 2147483647;
			files = (
				BB551FA02894E39D0056A32D /* LaunchScreen.storyboard in Resources */,
				BB551F9D2894E39D0056A32D /* Assets.xcassets in Resources */,
				BB551F9B2894E39C0056A32D /* Main.storyboard in Resources */,
			);
			runOnlyForDeploymentPostprocessing = 0;
		};
		BB8A074E289728E100ABE684 /* Resources */ = {
			isa = PBXResourcesBuildPhase;
			buildActionMask = 2147483647;
			files = (
			);
			runOnlyForDeploymentPostprocessing = 0;
		};
/* End PBXResourcesBuildPhase section */

/* Begin PBXSourcesBuildPhase section */
		BB551F8C2894E39C0056A32D /* Sources */ = {
			isa = PBXSourcesBuildPhase;
			buildActionMask = 2147483647;
			files = (
				BB8A07F428974B0300ABE684 /* CacheType.swift in Sources */,
				BB8A07A92897316900ABE684 /* UIView+Extension.swift in Sources */,
				BB8A079F2897314900ABE684 /* HTTPMethod.swift in Sources */,
				BB551F982894E39C0056A32D /* HomeViewController.swift in Sources */,
				BB8A07F228974AE000ABE684 /* CacheFactory.swift in Sources */,
				BB8A07952897314900ABE684 /* RestServiceOperation.swift in Sources */,
				BB551F942894E39C0056A32D /* AppDelegate.swift in Sources */,
				BB8A07C0289731A400ABE684 /* ActivityIndicatorProtocol.swift in Sources */,
				BB8A07B92897318A00ABE684 /* MemoryCacheProvider.swift in Sources */,
				BB551FE42894F7D40056A32D /* AppConfigurationService.swift in Sources */,
				BB551F962894E39C0056A32D /* SceneDelegate.swift in Sources */,
				BB8A07A52897315E00ABE684 /* ImageDownloadManager.swift in Sources */,
				BB8A078C2897313A00ABE684 /* RestServiceResponseError.swift in Sources */,
				BB8A07AB2897316900ABE684 /* UIImage+Extension.swift in Sources */,
				BB551FCB2894EC770056A32D /* Employee.swift in Sources */,
				BBC8DCFE2895269000B09141 /* Constants.swift in Sources */,
				BB8A078A2897313A00ABE684 /* RestError.swift in Sources */,
				BBC8DCFB2895259800B09141 /* HomeCollectionViewCell.swift in Sources */,
				BB8A07B22897317C00ABE684 /* CacheProtocol.swift in Sources */,
				BB8A07B02897317C00ABE684 /* CacheConfig.swift in Sources */,
				BB8A07992897314900ABE684 /* Results.swift in Sources */,
				BB8A07DC2897389300ABE684 /* EmployeeType.swift in Sources */,
				BB551FE12894F7740056A32D /* EmpServiceOperation.swift in Sources */,
				BB551FE82894FF2F0056A32D /* EmpService.swift in Sources */,
				BB8A07B72897318A00ABE684 /* FileCacheProvider.swift in Sources */,
				BB8A079D2897314900ABE684 /* HTTPContentType.swift in Sources */,
				BB8A079B2897314900ABE684 /* HTTPProtocol.swift in Sources */,
				BB8A07EF28974A5500ABE684 /* CacheProviderProtocol.swift in Sources */,
				BB8A07872897313100ABE684 /* RestService.swift in Sources */,
				BB551FC82894E6660056A32D /* HomeViewModel.swift in Sources */,
				BB8A07A22897315500ABE684 /* RestServiceResponseHandler.swift in Sources */,
				BB8A07972897314900ABE684 /* RestServiceRequestConfiguration.swift in Sources */,
			);
			runOnlyForDeploymentPostprocessing = 0;
		};
		BB8A074C289728E100ABE684 /* Sources */ = {
			isa = PBXSourcesBuildPhase;
			buildActionMask = 2147483647;
			files = (
				BB8A078B2897313A00ABE684 /* RestError.swift in Sources */,
				BB8A07DF289738AB00ABE684 /* EmployeeTypeTests.swift in Sources */,
				BB8A078D2897313A00ABE684 /* RestServiceResponseError.swift in Sources */,
				BB8A07D4289732BB00ABE684 /* AppConfigurationServiceTests.swift in Sources */,
				BB8A07EA2897400000ABE684 /* UIImageExtensionTests.swift in Sources */,
				BB8A07C6289731BC00ABE684 /* AppConfigurationService.swift in Sources */,
				BB8A07D02897329E00ABE684 /* MockEmpServiceConfiguration.swift in Sources */,
				BB8A079A2897314900ABE684 /* Results.swift in Sources */,
				BB8A07C5289731B800ABE684 /* HomeViewModel.swift in Sources */,
				BB8A07A02897314900ABE684 /* HTTPMethod.swift in Sources */,
				BB8A07CE2897329E00ABE684 /* MockAppConfigurationService.swift in Sources */,
				BB8A07982897314900ABE684 /* RestServiceRequestConfiguration.swift in Sources */,
				BB8A0753289728E100ABE684 /* ConstantTests.swift in Sources */,
				BB8A07B12897317C00ABE684 /* CacheConfig.swift in Sources */,
				BB8A07A62897315E00ABE684 /* ImageDownloadManager.swift in Sources */,
				BB8A07F528974C3C00ABE684 /* CacheProviderProtocol.swift in Sources */,
				BB8A07A32897315500ABE684 /* RestServiceResponseHandler.swift in Sources */,
				BB8A07B82897318A00ABE684 /* FileCacheProvider.swift in Sources */,
				BB8A07AA2897316900ABE684 /* UIView+Extension.swift in Sources */,
				BB8A07C4289731B500ABE684 /* HomeViewController.swift in Sources */,
				BB8A07C8289731C100ABE684 /* EmpService.swift in Sources */,
				BB8A07962897314900ABE684 /* RestServiceOperation.swift in Sources */,
				BB8A07DA289732DE00ABE684 /* HomeViewModelTests.swift in Sources */,
				BB8A07F628974C4C00ABE684 /* CacheFactory.swift in Sources */,
				BB8A07CF2897329E00ABE684 /* MockEmpService.swift in Sources */,
				BB8A07E22897395200ABE684 /* EmployeeTests.swift in Sources */,
				BB8A07D7289732CB00ABE684 /* EmpServiceOperationTests.swift in Sources */,
				BB8A07BA2897318A00ABE684 /* MemoryCacheProvider.swift in Sources */,
				BB8A079C2897314900ABE684 /* HTTPProtocol.swift in Sources */,
				BB8A07C3289731B100ABE684 /* Employee.swift in Sources */,
				BB8A076728972D0C00ABE684 /* Constants.swift in Sources */,
				BB8A07E528973A6600ABE684 /* HomeViewControllerTests.swift in Sources */,
				BB8A07AC2897316900ABE684 /* UIImage+Extension.swift in Sources */,
				BB8A07C2289731AF00ABE684 /* HomeCollectionViewCell.swift in Sources */,
				BB8A07B32897317C00ABE684 /* CacheProtocol.swift in Sources */,
				BB8A07E0289738D000ABE684 /* EmployeeType.swift in Sources */,
				BB8A078E2897313E00ABE684 /* RestService.swift in Sources */,
				BB8A079E2897314900ABE684 /* HTTPContentType.swift in Sources */,
				BB8A07F728974C5100ABE684 /* CacheType.swift in Sources */,
				BB8A07C7289731BE00ABE684 /* EmpServiceOperation.swift in Sources */,
				BB8A07ED2897413B00ABE684 /* CacheConfigTests.swift in Sources */,
				BB8A07C1289731A400ABE684 /* ActivityIndicatorProtocol.swift in Sources */,
			);
			runOnlyForDeploymentPostprocessing = 0;
		};
/* End PBXSourcesBuildPhase section */

/* Begin PBXTargetDependency section */
		BB8A0755289728E100ABE684 /* PBXTargetDependency */ = {
			isa = PBXTargetDependency;
			target = BB551F8F2894E39C0056A32D /* EmpApp */;
			targetProxy = BB8A0754289728E100ABE684 /* PBXContainerItemProxy */;
		};
/* End PBXTargetDependency section */

/* Begin PBXVariantGroup section */
		BB551F992894E39C0056A32D /* Main.storyboard */ = {
			isa = PBXVariantGroup;
			children = (
				BB551F9A2894E39C0056A32D /* Base */,
			);
			name = Main.storyboard;
			sourceTree = "<group>";
		};
		BB551F9E2894E39D0056A32D /* LaunchScreen.storyboard */ = {
			isa = PBXVariantGroup;
			children = (
				BB551F9F2894E39D0056A32D /* Base */,
			);
			name = LaunchScreen.storyboard;
			sourceTree = "<group>";
		};
/* End PBXVariantGroup section */

/* Begin XCBuildConfiguration section */
		BB551FB82894E39E0056A32D /* Debug */ = {
			isa = XCBuildConfiguration;
			buildSettings = {
				ALWAYS_SEARCH_USER_PATHS = NO;
				CLANG_ANALYZER_NONNULL = YES;
				CLANG_ANALYZER_NUMBER_OBJECT_CONVERSION = YES_AGGRESSIVE;
				CLANG_CXX_LANGUAGE_STANDARD = "gnu++17";
				CLANG_ENABLE_MODULES = YES;
				CLANG_ENABLE_OBJC_ARC = YES;
				CLANG_ENABLE_OBJC_WEAK = YES;
				CLANG_WARN_BLOCK_CAPTURE_AUTORELEASING = YES;
				CLANG_WARN_BOOL_CONVERSION = YES;
				CLANG_WARN_COMMA = YES;
				CLANG_WARN_CONSTANT_CONVERSION = YES;
				CLANG_WARN_DEPRECATED_OBJC_IMPLEMENTATIONS = YES;
				CLANG_WARN_DIRECT_OBJC_ISA_USAGE = YES_ERROR;
				CLANG_WARN_DOCUMENTATION_COMMENTS = YES;
				CLANG_WARN_EMPTY_BODY = YES;
				CLANG_WARN_ENUM_CONVERSION = YES;
				CLANG_WARN_INFINITE_RECURSION = YES;
				CLANG_WARN_INT_CONVERSION = YES;
				CLANG_WARN_NON_LITERAL_NULL_CONVERSION = YES;
				CLANG_WARN_OBJC_IMPLICIT_RETAIN_SELF = YES;
				CLANG_WARN_OBJC_LITERAL_CONVERSION = YES;
				CLANG_WARN_OBJC_ROOT_CLASS = YES_ERROR;
				CLANG_WARN_QUOTED_INCLUDE_IN_FRAMEWORK_HEADER = YES;
				CLANG_WARN_RANGE_LOOP_ANALYSIS = YES;
				CLANG_WARN_STRICT_PROTOTYPES = YES;
				CLANG_WARN_SUSPICIOUS_MOVE = YES;
				CLANG_WARN_UNGUARDED_AVAILABILITY = YES_AGGRESSIVE;
				CLANG_WARN_UNREACHABLE_CODE = YES;
				CLANG_WARN__DUPLICATE_METHOD_MATCH = YES;
				COPY_PHASE_STRIP = NO;
				DEBUG_INFORMATION_FORMAT = dwarf;
				ENABLE_STRICT_OBJC_MSGSEND = YES;
				ENABLE_TESTABILITY = YES;
				GCC_C_LANGUAGE_STANDARD = gnu11;
				GCC_DYNAMIC_NO_PIC = NO;
				GCC_NO_COMMON_BLOCKS = YES;
				GCC_OPTIMIZATION_LEVEL = 0;
				GCC_PREPROCESSOR_DEFINITIONS = (
					"DEBUG=1",
					"$(inherited)",
				);
				GCC_WARN_64_TO_32_BIT_CONVERSION = YES;
				GCC_WARN_ABOUT_RETURN_TYPE = YES_ERROR;
				GCC_WARN_UNDECLARED_SELECTOR = YES;
				GCC_WARN_UNINITIALIZED_AUTOS = YES_AGGRESSIVE;
				GCC_WARN_UNUSED_FUNCTION = YES;
				GCC_WARN_UNUSED_VARIABLE = YES;
				IPHONEOS_DEPLOYMENT_TARGET = 13.0;
				MTL_ENABLE_DEBUG_INFO = INCLUDE_SOURCE;
				MTL_FAST_MATH = YES;
				ONLY_ACTIVE_ARCH = YES;
				SDKROOT = iphoneos;
				SWIFT_ACTIVE_COMPILATION_CONDITIONS = DEBUG;
				SWIFT_OPTIMIZATION_LEVEL = "-Onone";
			};
			name = Debug;
		};
		BB551FB92894E39E0056A32D /* Release */ = {
			isa = XCBuildConfiguration;
			buildSettings = {
				ALWAYS_SEARCH_USER_PATHS = NO;
				CLANG_ANALYZER_NONNULL = YES;
				CLANG_ANALYZER_NUMBER_OBJECT_CONVERSION = YES_AGGRESSIVE;
				CLANG_CXX_LANGUAGE_STANDARD = "gnu++17";
				CLANG_ENABLE_MODULES = YES;
				CLANG_ENABLE_OBJC_ARC = YES;
				CLANG_ENABLE_OBJC_WEAK = YES;
				CLANG_WARN_BLOCK_CAPTURE_AUTORELEASING = YES;
				CLANG_WARN_BOOL_CONVERSION = YES;
				CLANG_WARN_COMMA = YES;
				CLANG_WARN_CONSTANT_CONVERSION = YES;
				CLANG_WARN_DEPRECATED_OBJC_IMPLEMENTATIONS = YES;
				CLANG_WARN_DIRECT_OBJC_ISA_USAGE = YES_ERROR;
				CLANG_WARN_DOCUMENTATION_COMMENTS = YES;
				CLANG_WARN_EMPTY_BODY = YES;
				CLANG_WARN_ENUM_CONVERSION = YES;
				CLANG_WARN_INFINITE_RECURSION = YES;
				CLANG_WARN_INT_CONVERSION = YES;
				CLANG_WARN_NON_LITERAL_NULL_CONVERSION = YES;
				CLANG_WARN_OBJC_IMPLICIT_RETAIN_SELF = YES;
				CLANG_WARN_OBJC_LITERAL_CONVERSION = YES;
				CLANG_WARN_OBJC_ROOT_CLASS = YES_ERROR;
				CLANG_WARN_QUOTED_INCLUDE_IN_FRAMEWORK_HEADER = YES;
				CLANG_WARN_RANGE_LOOP_ANALYSIS = YES;
				CLANG_WARN_STRICT_PROTOTYPES = YES;
				CLANG_WARN_SUSPICIOUS_MOVE = YES;
				CLANG_WARN_UNGUARDED_AVAILABILITY = YES_AGGRESSIVE;
				CLANG_WARN_UNREACHABLE_CODE = YES;
				CLANG_WARN__DUPLICATE_METHOD_MATCH = YES;
				COPY_PHASE_STRIP = NO;
				DEBUG_INFORMATION_FORMAT = "dwarf-with-dsym";
				ENABLE_NS_ASSERTIONS = NO;
				ENABLE_STRICT_OBJC_MSGSEND = YES;
				GCC_C_LANGUAGE_STANDARD = gnu11;
				GCC_NO_COMMON_BLOCKS = YES;
				GCC_WARN_64_TO_32_BIT_CONVERSION = YES;
				GCC_WARN_ABOUT_RETURN_TYPE = YES_ERROR;
				GCC_WARN_UNDECLARED_SELECTOR = YES;
				GCC_WARN_UNINITIALIZED_AUTOS = YES_AGGRESSIVE;
				GCC_WARN_UNUSED_FUNCTION = YES;
				GCC_WARN_UNUSED_VARIABLE = YES;
				IPHONEOS_DEPLOYMENT_TARGET = 13.0;
				MTL_ENABLE_DEBUG_INFO = NO;
				MTL_FAST_MATH = YES;
				SDKROOT = iphoneos;
				SWIFT_COMPILATION_MODE = wholemodule;
				SWIFT_OPTIMIZATION_LEVEL = "-O";
				VALIDATE_PRODUCT = YES;
			};
			name = Release;
		};
		BB551FBB2894E39E0056A32D /* Debug */ = {
			isa = XCBuildConfiguration;
			buildSettings = {
				ASSETCATALOG_COMPILER_APPICON_NAME = AppIcon;
				ASSETCATALOG_COMPILER_GLOBAL_ACCENT_COLOR_NAME = AccentColor;
				CODE_SIGN_STYLE = Automatic;
				CURRENT_PROJECT_VERSION = 1;
				DEAD_CODE_STRIPPING = NO;
				ENABLE_TESTING_SEARCH_PATHS = NO;
				GENERATE_INFOPLIST_FILE = YES;
				INFOPLIST_FILE = EmpApp/Info.plist;
				INFOPLIST_KEY_UIApplicationSupportsIndirectInputEvents = YES;
				INFOPLIST_KEY_UILaunchStoryboardName = LaunchScreen;
				INFOPLIST_KEY_UIMainStoryboardFile = Main;
				INFOPLIST_KEY_UISupportedInterfaceOrientations_iPad = "UIInterfaceOrientationPortrait UIInterfaceOrientationPortraitUpsideDown UIInterfaceOrientationLandscapeLeft UIInterfaceOrientationLandscapeRight";
				INFOPLIST_KEY_UISupportedInterfaceOrientations_iPhone = "UIInterfaceOrientationPortrait UIInterfaceOrientationLandscapeLeft UIInterfaceOrientationLandscapeRight";
				LD_RUNPATH_SEARCH_PATHS = (
					"$(inherited)",
					"@executable_path/Frameworks",
				);
				MARKETING_VERSION = 1.0;
				PRODUCT_BUNDLE_IDENTIFIER = com.swift.EmpApp;
				PRODUCT_NAME = "$(TARGET_NAME)";
				SWIFT_EMIT_LOC_STRINGS = YES;
				SWIFT_VERSION = 5.0;
				TARGETED_DEVICE_FAMILY = 1;
			};
			name = Debug;
		};
		BB551FBC2894E39E0056A32D /* Release */ = {
			isa = XCBuildConfiguration;
			buildSettings = {
				ASSETCATALOG_COMPILER_APPICON_NAME = AppIcon;
				ASSETCATALOG_COMPILER_GLOBAL_ACCENT_COLOR_NAME = AccentColor;
				CODE_SIGN_STYLE = Automatic;
				CURRENT_PROJECT_VERSION = 1;
				DEAD_CODE_STRIPPING = NO;
				ENABLE_TESTABILITY = NO;
				ENABLE_TESTING_SEARCH_PATHS = NO;
				GENERATE_INFOPLIST_FILE = YES;
				INFOPLIST_FILE = EmpApp/Info.plist;
				INFOPLIST_KEY_UIApplicationSupportsIndirectInputEvents = YES;
				INFOPLIST_KEY_UILaunchStoryboardName = LaunchScreen;
				INFOPLIST_KEY_UIMainStoryboardFile = Main;
				INFOPLIST_KEY_UISupportedInterfaceOrientations_iPad = "UIInterfaceOrientationPortrait UIInterfaceOrientationPortraitUpsideDown UIInterfaceOrientationLandscapeLeft UIInterfaceOrientationLandscapeRight";
				INFOPLIST_KEY_UISupportedInterfaceOrientations_iPhone = "UIInterfaceOrientationPortrait UIInterfaceOrientationLandscapeLeft UIInterfaceOrientationLandscapeRight";
				LD_RUNPATH_SEARCH_PATHS = (
					"$(inherited)",
					"@executable_path/Frameworks",
				);
				MARKETING_VERSION = 1.0;
				PRODUCT_BUNDLE_IDENTIFIER = com.swift.EmpApp;
				PRODUCT_NAME = "$(TARGET_NAME)";
				SWIFT_EMIT_LOC_STRINGS = YES;
				SWIFT_VERSION = 5.0;
				TARGETED_DEVICE_FAMILY = 1;
			};
			name = Release;
		};
		BB8A0757289728E100ABE684 /* Debug */ = {
			isa = XCBuildConfiguration;
			buildSettings = {
				CODE_SIGN_STYLE = Automatic;
				CURRENT_PROJECT_VERSION = 1;
				GENERATE_INFOPLIST_FILE = YES;
				IPHONEOS_DEPLOYMENT_TARGET = 15.5;
				MARKETING_VERSION = 1.0;
				PRODUCT_BUNDLE_IDENTIFIER = com.swift.EmpAppTests;
				PRODUCT_NAME = "$(TARGET_NAME)";
				SWIFT_EMIT_LOC_STRINGS = NO;
				SWIFT_VERSION = 5.0;
				TARGETED_DEVICE_FAMILY = "1,2";
			};
			name = Debug;
		};
		BB8A0758289728E100ABE684 /* Release */ = {
			isa = XCBuildConfiguration;
			buildSettings = {
				CODE_SIGN_STYLE = Automatic;
				CURRENT_PROJECT_VERSION = 1;
				GENERATE_INFOPLIST_FILE = YES;
				IPHONEOS_DEPLOYMENT_TARGET = 15.5;
				MARKETING_VERSION = 1.0;
				PRODUCT_BUNDLE_IDENTIFIER = com.swift.EmpAppTests;
				PRODUCT_NAME = "$(TARGET_NAME)";
				SWIFT_EMIT_LOC_STRINGS = NO;
				SWIFT_VERSION = 5.0;
				TARGETED_DEVICE_FAMILY = "1,2";
			};
			name = Release;
		};
/* End XCBuildConfiguration section */

/* Begin XCConfigurationList section */
		BB551F8B2894E39C0056A32D /* Build configuration list for PBXProject "EmpApp" */ = {
			isa = XCConfigurationList;
			buildConfigurations = (
				BB551FB82894E39E0056A32D /* Debug */,
				BB551FB92894E39E0056A32D /* Release */,
			);
			defaultConfigurationIsVisible = 0;
			defaultConfigurationName = Release;
		};
		BB551FBA2894E39E0056A32D /* Build configuration list for PBXNativeTarget "EmpApp" */ = {
			isa = XCConfigurationList;
			buildConfigurations = (
				BB551FBB2894E39E0056A32D /* Debug */,
				BB551FBC2894E39E0056A32D /* Release */,
			);
			defaultConfigurationIsVisible = 0;
			defaultConfigurationName = Release;
		};
		BB8A0756289728E100ABE684 /* Build configuration list for PBXNativeTarget "EmpAppTests" */ = {
			isa = XCConfigurationList;
			buildConfigurations = (
				BB8A0757289728E100ABE684 /* Debug */,
				BB8A0758289728E100ABE684 /* Release */,
			);
			defaultConfigurationIsVisible = 0;
			defaultConfigurationName = Release;
		};
/* End XCConfigurationList section */
	};
	rootObject = BB551F882894E39C0056A32D /* Project object */;
}
