// !$*UTF8*$!
{
	archiveVersion = 1;
	classes = {
	};
	objectVersion = 55;
	objects = {

/* Begin PBXBuildFile section */
		BB0681312895DDCC00B61C44 /* CorePackage in Resources */ = {isa = PBXBuildFile; fileRef = BB0681302895DDCC00B61C44 /* CorePackage */; };
		BB0681332895DDD800B61C44 /* CorePackage in Frameworks */ = {isa = PBXBuildFile; productRef = BB0681322895DDD800B61C44 /* CorePackage */; };
		BB551F942894E39C0056A32D /* AppDelegate.swift in Sources */ = {isa = PBXBuildFile; fileRef = BB551F932894E39C0056A32D /* AppDelegate.swift */; };
		BB551F962894E39C0056A32D /* SceneDelegate.swift in Sources */ = {isa = PBXBuildFile; fileRef = BB551F952894E39C0056A32D /* SceneDelegate.swift */; };
		BB551F982894E39C0056A32D /* HomeViewController.swift in Sources */ = {isa = PBXBuildFile; fileRef = BB551F972894E39C0056A32D /* HomeViewController.swift */; };
		BB551F9B2894E39C0056A32D /* Main.storyboard in Resources */ = {isa = PBXBuildFile; fileRef = BB551F992894E39C0056A32D /* Main.storyboard */; };
		BB551F9D2894E39D0056A32D /* Assets.xcassets in Resources */ = {isa = PBXBuildFile; fileRef = BB551F9C2894E39D0056A32D /* Assets.xcassets */; };
		BB551FA02894E39D0056A32D /* LaunchScreen.storyboard in Resources */ = {isa = PBXBuildFile; fileRef = BB551F9E2894E39D0056A32D /* LaunchScreen.storyboard */; };
		BB551FAB2894E39E0056A32D /* EmpAppTests.swift in Sources */ = {isa = PBXBuildFile; fileRef = BB551FAA2894E39E0056A32D /* EmpAppTests.swift */; };
		BB551FB52894E39E0056A32D /* EmpAppUITests.swift in Sources */ = {isa = PBXBuildFile; fileRef = BB551FB42894E39E0056A32D /* EmpAppUITests.swift */; };
		BB551FB72894E39E0056A32D /* EmpAppUITestsLaunchTests.swift in Sources */ = {isa = PBXBuildFile; fileRef = BB551FB62894E39E0056A32D /* EmpAppUITestsLaunchTests.swift */; };
		BB551FC82894E6660056A32D /* HomeViewModel.swift in Sources */ = {isa = PBXBuildFile; fileRef = BB551FC72894E6660056A32D /* HomeViewModel.swift */; };
		BB551FCB2894EC770056A32D /* Employee.swift in Sources */ = {isa = PBXBuildFile; fileRef = BB551FCA2894EC770056A32D /* Employee.swift */; };
		BB551FE12894F7740056A32D /* EmpServiceOperation.swift in Sources */ = {isa = PBXBuildFile; fileRef = BB551FE02894F7740056A32D /* EmpServiceOperation.swift */; };
		BB551FE42894F7D40056A32D /* AppConfigurationService.swift in Sources */ = {isa = PBXBuildFile; fileRef = BB551FE32894F7D40056A32D /* AppConfigurationService.swift */; };
		BB551FE82894FF2F0056A32D /* EmpService.swift in Sources */ = {isa = PBXBuildFile; fileRef = BB551FE72894FF2F0056A32D /* EmpService.swift */; };
		BBC8DCFB2895259800B09141 /* HomeCollectionViewCell.swift in Sources */ = {isa = PBXBuildFile; fileRef = BBC8DCFA2895259800B09141 /* HomeCollectionViewCell.swift */; };
		BBC8DCFE2895269000B09141 /* Constants.swift in Sources */ = {isa = PBXBuildFile; fileRef = BBC8DCFD2895269000B09141 /* Constants.swift */; };
/* End PBXBuildFile section */

/* Begin PBXContainerItemProxy section */
		BB551FA72894E39E0056A32D /* PBXContainerItemProxy */ = {
			isa = PBXContainerItemProxy;
			containerPortal = BB551F882894E39C0056A32D /* Project object */;
			proxyType = 1;
			remoteGlobalIDString = BB551F8F2894E39C0056A32D;
			remoteInfo = EmpApp;
		};
		BB551FB12894E39E0056A32D /* PBXContainerItemProxy */ = {
			isa = PBXContainerItemProxy;
			containerPortal = BB551F882894E39C0056A32D /* Project object */;
			proxyType = 1;
			remoteGlobalIDString = BB551F8F2894E39C0056A32D;
			remoteInfo = EmpApp;
		};
/* End PBXContainerItemProxy section */

/* Begin PBXFileReference section */
		BB0681302895DDCC00B61C44 /* CorePackage */ = {isa = PBXFileReference; lastKnownFileType = wrapper; name = CorePackage; path = ../../../../../Desktop/CorePackage; sourceTree = "<group>"; };
		BB551F902894E39C0056A32D /* EmpApp.app */ = {isa = PBXFileReference; explicitFileType = wrapper.application; includeInIndex = 0; path = EmpApp.app; sourceTree = BUILT_PRODUCTS_DIR; };
		BB551F932894E39C0056A32D /* AppDelegate.swift */ = {isa = PBXFileReference; lastKnownFileType = sourcecode.swift; path = AppDelegate.swift; sourceTree = "<group>"; };
		BB551F952894E39C0056A32D /* SceneDelegate.swift */ = {isa = PBXFileReference; lastKnownFileType = sourcecode.swift; path = SceneDelegate.swift; sourceTree = "<group>"; };
		BB551F972894E39C0056A32D /* HomeViewController.swift */ = {isa = PBXFileReference; lastKnownFileType = sourcecode.swift; path = HomeViewController.swift; sourceTree = "<group>"; };
		BB551F9A2894E39C0056A32D /* Base */ = {isa = PBXFileReference; lastKnownFileType = file.storyboard; name = Base; path = Base.lproj/Main.storyboard; sourceTree = "<group>"; };
		BB551F9C2894E39D0056A32D /* Assets.xcassets */ = {isa = PBXFileReference; lastKnownFileType = folder.assetcatalog; path = Assets.xcassets; sourceTree = "<group>"; };
		BB551F9F2894E39D0056A32D /* Base */ = {isa = PBXFileReference; lastKnownFileType = file.storyboard; name = Base; path = Base.lproj/LaunchScreen.storyboard; sourceTree = "<group>"; };
		BB551FA12894E39D0056A32D /* Info.plist */ = {isa = PBXFileReference; lastKnownFileType = text.plist.xml; path = Info.plist; sourceTree = "<group>"; };
		BB551FA62894E39E0056A32D /* EmpAppTests.xctest */ = {isa = PBXFileReference; explicitFileType = wrapper.cfbundle; includeInIndex = 0; path = EmpAppTests.xctest; sourceTree = BUILT_PRODUCTS_DIR; };
		BB551FAA2894E39E0056A32D /* EmpAppTests.swift */ = {isa = PBXFileReference; lastKnownFileType = sourcecode.swift; path = EmpAppTests.swift; sourceTree = "<group>"; };
		BB551FB02894E39E0056A32D /* EmpAppUITests.xctest */ = {isa = PBXFileReference; explicitFileType = wrapper.cfbundle; includeInIndex = 0; path = EmpAppUITests.xctest; sourceTree = BUILT_PRODUCTS_DIR; };
		BB551FB42894E39E0056A32D /* EmpAppUITests.swift */ = {isa = PBXFileReference; lastKnownFileType = sourcecode.swift; path = EmpAppUITests.swift; sourceTree = "<group>"; };
		BB551FB62894E39E0056A32D /* EmpAppUITestsLaunchTests.swift */ = {isa = PBXFileReference; lastKnownFileType = sourcecode.swift; path = EmpAppUITestsLaunchTests.swift; sourceTree = "<group>"; };
		BB551FC72894E6660056A32D /* HomeViewModel.swift */ = {isa = PBXFileReference; lastKnownFileType = sourcecode.swift; path = HomeViewModel.swift; sourceTree = "<group>"; };
		BB551FCA2894EC770056A32D /* Employee.swift */ = {isa = PBXFileReference; lastKnownFileType = sourcecode.swift; path = Employee.swift; sourceTree = "<group>"; };
		BB551FE02894F7740056A32D /* EmpServiceOperation.swift */ = {isa = PBXFileReference; lastKnownFileType = sourcecode.swift; path = EmpServiceOperation.swift; sourceTree = "<group>"; };
		BB551FE32894F7D40056A32D /* AppConfigurationService.swift */ = {isa = PBXFileReference; lastKnownFileType = sourcecode.swift; path = AppConfigurationService.swift; sourceTree = "<group>"; };
		BB551FE72894FF2F0056A32D /* EmpService.swift */ = {isa = PBXFileReference; lastKnownFileType = sourcecode.swift; path = EmpService.swift; sourceTree = "<group>"; };
		BBC8DCFA2895259800B09141 /* HomeCollectionViewCell.swift */ = {isa = PBXFileReference; lastKnownFileType = sourcecode.swift; path = HomeCollectionViewCell.swift; sourceTree = "<group>"; };
		BBC8DCFD2895269000B09141 /* Constants.swift */ = {isa = PBXFileReference; lastKnownFileType = sourcecode.swift; path = Constants.swift; sourceTree = "<group>"; };
/* End PBXFileReference section */

/* Begin PBXFrameworksBuildPhase section */
		BB551F8D2894E39C0056A32D /* Frameworks */ = {
			isa = PBXFrameworksBuildPhase;
			buildActionMask = 2147483647;
			files = (
				BB0681332895DDD800B61C44 /* CorePackage in Frameworks */,
			);
			runOnlyForDeploymentPostprocessing = 0;
		};
		BB551FA32894E39E0056A32D /* Frameworks */ = {
			isa = PBXFrameworksBuildPhase;
			buildActionMask = 2147483647;
			files = (
			);
			runOnlyForDeploymentPostprocessing = 0;
		};
		BB551FAD2894E39E0056A32D /* Frameworks */ = {
			isa = PBXFrameworksBuildPhase;
			buildActionMask = 2147483647;
			files = (
			);
			runOnlyForDeploymentPostprocessing = 0;
		};
/* End PBXFrameworksBuildPhase section */

/* Begin PBXGroup section */
		BB551F872894E39C0056A32D = {
			isa = PBXGroup;
			children = (
				BBC8DCF028951CA400B09141 /* Packages */,
				BB551F922894E39C0056A32D /* EmpApp */,
				BB551FA92894E39E0056A32D /* EmpAppTests */,
				BB551FB32894E39E0056A32D /* EmpAppUITests */,
				BB551F912894E39C0056A32D /* Products */,
				BBC8DCF328951CDE00B09141 /* Frameworks */,
			);
			sourceTree = "<group>";
		};
		BB551F912894E39C0056A32D /* Products */ = {
			isa = PBXGroup;
			children = (
				BB551F902894E39C0056A32D /* EmpApp.app */,
				BB551FA62894E39E0056A32D /* EmpAppTests.xctest */,
				BB551FB02894E39E0056A32D /* EmpAppUITests.xctest */,
			);
			name = Products;
			sourceTree = "<group>";
		};
		BB551F922894E39C0056A32D /* EmpApp */ = {
			isa = PBXGroup;
			children = (
				BBC8DCFC2895268600B09141 /* Constants */,
				BBC8DCF92895257800B09141 /* Views */,
				BB551FC92894EC6D0056A32D /* DataModel */,
				BB551FC42894E3E00056A32D /* ViewController */,
				BB551FC32894E3D60056A32D /* ViewModel */,
				BB551FC62894E6170056A32D /* Networking */,
				BB551F932894E39C0056A32D /* AppDelegate.swift */,
				BB551F952894E39C0056A32D /* SceneDelegate.swift */,
				BB551F992894E39C0056A32D /* Main.storyboard */,
				BB551F9C2894E39D0056A32D /* Assets.xcassets */,
				BB551F9E2894E39D0056A32D /* LaunchScreen.storyboard */,
				BB551FA12894E39D0056A32D /* Info.plist */,
			);
			path = EmpApp;
			sourceTree = "<group>";
		};
		BB551FA92894E39E0056A32D /* EmpAppTests */ = {
			isa = PBXGroup;
			children = (
				BB551FAA2894E39E0056A32D /* EmpAppTests.swift */,
			);
			path = EmpAppTests;
			sourceTree = "<group>";
		};
		BB551FB32894E39E0056A32D /* EmpAppUITests */ = {
			isa = PBXGroup;
			children = (
				BB551FB42894E39E0056A32D /* EmpAppUITests.swift */,
				BB551FB62894E39E0056A32D /* EmpAppUITestsLaunchTests.swift */,
			);
			path = EmpAppUITests;
			sourceTree = "<group>";
		};
		BB551FC32894E3D60056A32D /* ViewModel */ = {
			isa = PBXGroup;
			children = (
				BB551FC72894E6660056A32D /* HomeViewModel.swift */,
			);
			path = ViewModel;
			sourceTree = "<group>";
		};
		BB551FC42894E3E00056A32D /* ViewController */ = {
			isa = PBXGroup;
			children = (
				BB551F972894E39C0056A32D /* HomeViewController.swift */,
			);
			path = ViewController;
			sourceTree = "<group>";
		};
		BB551FC62894E6170056A32D /* Networking */ = {
			isa = PBXGroup;
			children = (
				BBC8DCF828951E7400B09141 /* ConfigurationService */,
				BB551FE22894F7CB0056A32D /* EmpServices */,
			);
			path = Networking;
			sourceTree = "<group>";
		};
		BB551FC92894EC6D0056A32D /* DataModel */ = {
			isa = PBXGroup;
			children = (
				BB551FCA2894EC770056A32D /* Employee.swift */,
			);
			path = DataModel;
			sourceTree = "<group>";
		};
		BB551FE22894F7CB0056A32D /* EmpServices */ = {
			isa = PBXGroup;
			children = (
				BB551FE02894F7740056A32D /* EmpServiceOperation.swift */,
				BB551FE72894FF2F0056A32D /* EmpService.swift */,
			);
			path = EmpServices;
			sourceTree = "<group>";
		};
		BBC8DCF028951CA400B09141 /* Packages */ = {
			isa = PBXGroup;
			children = (
				BB0681302895DDCC00B61C44 /* CorePackage */,
			);
			path = Packages;
			sourceTree = "<group>";
		};
		BBC8DCF328951CDE00B09141 /* Frameworks */ = {
			isa = PBXGroup;
			children = (
			);
			name = Frameworks;
			sourceTree = "<group>";
		};
		BBC8DCF828951E7400B09141 /* ConfigurationService */ = {
			isa = PBXGroup;
			children = (
				BB551FE32894F7D40056A32D /* AppConfigurationService.swift */,
			);
			path = ConfigurationService;
			sourceTree = "<group>";
		};
		BBC8DCF92895257800B09141 /* Views */ = {
			isa = PBXGroup;
			children = (
				BBC8DCFA2895259800B09141 /* HomeCollectionViewCell.swift */,
			);
			path = Views;
			sourceTree = "<group>";
		};
		BBC8DCFC2895268600B09141 /* Constants */ = {
			isa = PBXGroup;
			children = (
				BBC8DCFD2895269000B09141 /* Constants.swift */,
			);
			path = Constants;
			sourceTree = "<group>";
		};
/* End PBXGroup section */

/* Begin PBXNativeTarget section */
		BB551F8F2894E39C0056A32D /* EmpApp */ = {
			isa = PBXNativeTarget;
			buildConfigurationList = BB551FBA2894E39E0056A32D /* Build configuration list for PBXNativeTarget "EmpApp" */;
			buildPhases = (
				BB551F8C2894E39C0056A32D /* Sources */,
				BB551F8D2894E39C0056A32D /* Frameworks */,
				BB551F8E2894E39C0056A32D /* Resources */,
			);
			buildRules = (
			);
			dependencies = (
			);
			name = EmpApp;
			packageProductDependencies = (
				BB0681322895DDD800B61C44 /* CorePackage */,
			);
			productName = EmpApp;
			productReference = BB551F902894E39C0056A32D /* EmpApp.app */;
			productType = "com.apple.product-type.application";
		};
		BB551FA52894E39E0056A32D /* EmpAppTests */ = {
			isa = PBXNativeTarget;
			buildConfigurationList = BB551FBD2894E39E0056A32D /* Build configuration list for PBXNativeTarget "EmpAppTests" */;
			buildPhases = (
				BB551FA22894E39E0056A32D /* Sources */,
				BB551FA32894E39E0056A32D /* Frameworks */,
				BB551FA42894E39E0056A32D /* Resources */,
			);
			buildRules = (
			);
			dependencies = (
				BB551FA82894E39E0056A32D /* PBXTargetDependency */,
			);
			name = EmpAppTests;
			productName = EmpAppTests;
			productReference = BB551FA62894E39E0056A32D /* EmpAppTests.xctest */;
			productType = "com.apple.product-type.bundle.unit-test";
		};
		BB551FAF2894E39E0056A32D /* EmpAppUITests */ = {
			isa = PBXNativeTarget;
			buildConfigurationList = BB551FC02894E39E0056A32D /* Build configuration list for PBXNativeTarget "EmpAppUITests" */;
			buildPhases = (
				BB551FAC2894E39E0056A32D /* Sources */,
				BB551FAD2894E39E0056A32D /* Frameworks */,
				BB551FAE2894E39E0056A32D /* Resources */,
			);
			buildRules = (
			);
			dependencies = (
				BB551FB22894E39E0056A32D /* PBXTargetDependency */,
			);
			name = EmpAppUITests;
			productName = EmpAppUITests;
			productReference = BB551FB02894E39E0056A32D /* EmpAppUITests.xctest */;
			productType = "com.apple.product-type.bundle.ui-testing";
		};
/* End PBXNativeTarget section */

/* Begin PBXProject section */
		BB551F882894E39C0056A32D /* Project object */ = {
			isa = PBXProject;
			attributes = {
				BuildIndependentTargetsInParallel = 1;
				LastSwiftUpdateCheck = 1340;
				LastUpgradeCheck = 1340;
				TargetAttributes = {
					BB551F8F2894E39C0056A32D = {
						CreatedOnToolsVersion = 13.4.1;
					};
					BB551FA52894E39E0056A32D = {
						CreatedOnToolsVersion = 13.4.1;
						TestTargetID = BB551F8F2894E39C0056A32D;
					};
					BB551FAF2894E39E0056A32D = {
						CreatedOnToolsVersion = 13.4.1;
						TestTargetID = BB551F8F2894E39C0056A32D;
					};
				};
			};
			buildConfigurationList = BB551F8B2894E39C0056A32D /* Build configuration list for PBXProject "EmpApp" */;
			compatibilityVersion = "Xcode 13.0";
			developmentRegion = en;
			hasScannedForEncodings = 0;
			knownRegions = (
				en,
				Base,
			);
			mainGroup = BB551F872894E39C0056A32D;
			productRefGroup = BB551F912894E39C0056A32D /* Products */;
			projectDirPath = "";
			projectRoot = "";
			targets = (
				BB551F8F2894E39C0056A32D /* EmpApp */,
				BB551FA52894E39E0056A32D /* EmpAppTests */,
				BB551FAF2894E39E0056A32D /* EmpAppUITests */,
			);
		};
/* End PBXProject section */

/* Begin PBXResourcesBuildPhase section */
		BB551F8E2894E39C0056A32D /* Resources */ = {
			isa = PBXResourcesBuildPhase;
			buildActionMask = 2147483647;
			files = (
				BB0681312895DDCC00B61C44 /* CorePackage in Resources */,
				BB551FA02894E39D0056A32D /* LaunchScreen.storyboard in Resources */,
				BB551F9D2894E39D0056A32D /* Assets.xcassets in Resources */,
				BB551F9B2894E39C0056A32D /* Main.storyboard in Resources */,
			);
			runOnlyForDeploymentPostprocessing = 0;
		};
		BB551FA42894E39E0056A32D /* Resources */ = {
			isa = PBXResourcesBuildPhase;
			buildActionMask = 2147483647;
			files = (
			);
			runOnlyForDeploymentPostprocessing = 0;
		};
		BB551FAE2894E39E0056A32D /* Resources */ = {
			isa = PBXResourcesBuildPhase;
			buildActionMask = 2147483647;
			files = (
			);
			runOnlyForDeploymentPostprocessing = 0;
		};
/* End PBXResourcesBuildPhase section */

/* Begin PBXSourcesBuildPhase section */
		BB551F8C2894E39C0056A32D /* Sources */ = {
			isa = PBXSourcesBuildPhase;
			buildActionMask = 2147483647;
			files = (
				BB551F982894E39C0056A32D /* HomeViewController.swift in Sources */,
				BB551F942894E39C0056A32D /* AppDelegate.swift in Sources */,
				BB551FE42894F7D40056A32D /* AppConfigurationService.swift in Sources */,
				BB551F962894E39C0056A32D /* SceneDelegate.swift in Sources */,
				BB551FCB2894EC770056A32D /* Employee.swift in Sources */,
				BBC8DCFE2895269000B09141 /* Constants.swift in Sources */,
				BBC8DCFB2895259800B09141 /* HomeCollectionViewCell.swift in Sources */,
				BB551FE12894F7740056A32D /* EmpServiceOperation.swift in Sources */,
				BB551FE82894FF2F0056A32D /* EmpService.swift in Sources */,
				BB551FC82894E6660056A32D /* HomeViewModel.swift in Sources */,
			);
			runOnlyForDeploymentPostprocessing = 0;
		};
		BB551FA22894E39E0056A32D /* Sources */ = {
			isa = PBXSourcesBuildPhase;
			buildActionMask = 2147483647;
			files = (
				BB551FAB2894E39E0056A32D /* EmpAppTests.swift in Sources */,
			);
			runOnlyForDeploymentPostprocessing = 0;
		};
		BB551FAC2894E39E0056A32D /* Sources */ = {
			isa = PBXSourcesBuildPhase;
			buildActionMask = 2147483647;
			files = (
				BB551FB52894E39E0056A32D /* EmpAppUITests.swift in Sources */,
				BB551FB72894E39E0056A32D /* EmpAppUITestsLaunchTests.swift in Sources */,
			);
			runOnlyForDeploymentPostprocessing = 0;
		};
/* End PBXSourcesBuildPhase section */

/* Begin PBXTargetDependency section */
		BB551FA82894E39E0056A32D /* PBXTargetDependency */ = {
			isa = PBXTargetDependency;
			target = BB551F8F2894E39C0056A32D /* EmpApp */;
			targetProxy = BB551FA72894E39E0056A32D /* PBXContainerItemProxy */;
		};
		BB551FB22894E39E0056A32D /* PBXTargetDependency */ = {
			isa = PBXTargetDependency;
			target = BB551F8F2894E39C0056A32D /* EmpApp */;
			targetProxy = BB551FB12894E39E0056A32D /* PBXContainerItemProxy */;
		};
/* End PBXTargetDependency section */

/* Begin PBXVariantGroup section */
		BB551F992894E39C0056A32D /* Main.storyboard */ = {
			isa = PBXVariantGroup;
			children = (
				BB551F9A2894E39C0056A32D /* Base */,
			);
			name = Main.storyboard;
			sourceTree = "<group>";
		};
		BB551F9E2894E39D0056A32D /* LaunchScreen.storyboard */ = {
			isa = PBXVariantGroup;
			children = (
				BB551F9F2894E39D0056A32D /* Base */,
			);
			name = LaunchScreen.storyboard;
			sourceTree = "<group>";
		};
/* End PBXVariantGroup section */

/* Begin XCBuildConfiguration section */
		BB551FB82894E39E0056A32D /* Debug */ = {
			isa = XCBuildConfiguration;
			buildSettings = {
				ALWAYS_SEARCH_USER_PATHS = NO;
				CLANG_ANALYZER_NONNULL = YES;
				CLANG_ANALYZER_NUMBER_OBJECT_CONVERSION = YES_AGGRESSIVE;
				CLANG_CXX_LANGUAGE_STANDARD = "gnu++17";
				CLANG_ENABLE_MODULES = YES;
				CLANG_ENABLE_OBJC_ARC = YES;
				CLANG_ENABLE_OBJC_WEAK = YES;
				CLANG_WARN_BLOCK_CAPTURE_AUTORELEASING = YES;
				CLANG_WARN_BOOL_CONVERSION = YES;
				CLANG_WARN_COMMA = YES;
				CLANG_WARN_CONSTANT_CONVERSION = YES;
				CLANG_WARN_DEPRECATED_OBJC_IMPLEMENTATIONS = YES;
				CLANG_WARN_DIRECT_OBJC_ISA_USAGE = YES_ERROR;
				CLANG_WARN_DOCUMENTATION_COMMENTS = YES;
				CLANG_WARN_EMPTY_BODY = YES;
				CLANG_WARN_ENUM_CONVERSION = YES;
				CLANG_WARN_INFINITE_RECURSION = YES;
				CLANG_WARN_INT_CONVERSION = YES;
				CLANG_WARN_NON_LITERAL_NULL_CONVERSION = YES;
				CLANG_WARN_OBJC_IMPLICIT_RETAIN_SELF = YES;
				CLANG_WARN_OBJC_LITERAL_CONVERSION = YES;
				CLANG_WARN_OBJC_ROOT_CLASS = YES_ERROR;
				CLANG_WARN_QUOTED_INCLUDE_IN_FRAMEWORK_HEADER = YES;
				CLANG_WARN_RANGE_LOOP_ANALYSIS = YES;
				CLANG_WARN_STRICT_PROTOTYPES = YES;
				CLANG_WARN_SUSPICIOUS_MOVE = YES;
				CLANG_WARN_UNGUARDED_AVAILABILITY = YES_AGGRESSIVE;
				CLANG_WARN_UNREACHABLE_CODE = YES;
				CLANG_WARN__DUPLICATE_METHOD_MATCH = YES;
				COPY_PHASE_STRIP = NO;
				DEBUG_INFORMATION_FORMAT = dwarf;
				ENABLE_STRICT_OBJC_MSGSEND = YES;
				ENABLE_TESTABILITY = YES;
				GCC_C_LANGUAGE_STANDARD = gnu11;
				GCC_DYNAMIC_NO_PIC = NO;
				GCC_NO_COMMON_BLOCKS = YES;
				GCC_OPTIMIZATION_LEVEL = 0;
				GCC_PREPROCESSOR_DEFINITIONS = (
					"DEBUG=1",
					"$(inherited)",
				);
				GCC_WARN_64_TO_32_BIT_CONVERSION = YES;
				GCC_WARN_ABOUT_RETURN_TYPE = YES_ERROR;
				GCC_WARN_UNDECLARED_SELECTOR = YES;
				GCC_WARN_UNINITIALIZED_AUTOS = YES_AGGRESSIVE;
				GCC_WARN_UNUSED_FUNCTION = YES;
				GCC_WARN_UNUSED_VARIABLE = YES;
				IPHONEOS_DEPLOYMENT_TARGET = 13.0;
				MTL_ENABLE_DEBUG_INFO = INCLUDE_SOURCE;
				MTL_FAST_MATH = YES;
				ONLY_ACTIVE_ARCH = YES;
				SDKROOT = iphoneos;
				SWIFT_ACTIVE_COMPILATION_CONDITIONS = DEBUG;
				SWIFT_OPTIMIZATION_LEVEL = "-Onone";
			};
			name = Debug;
		};
		BB551FB92894E39E0056A32D /* Release */ = {
			isa = XCBuildConfiguration;
			buildSettings = {
				ALWAYS_SEARCH_USER_PATHS = NO;
				CLANG_ANALYZER_NONNULL = YES;
				CLANG_ANALYZER_NUMBER_OBJECT_CONVERSION = YES_AGGRESSIVE;
				CLANG_CXX_LANGUAGE_STANDARD = "gnu++17";
				CLANG_ENABLE_MODULES = YES;
				CLANG_ENABLE_OBJC_ARC = YES;
				CLANG_ENABLE_OBJC_WEAK = YES;
				CLANG_WARN_BLOCK_CAPTURE_AUTORELEASING = YES;
				CLANG_WARN_BOOL_CONVERSION = YES;
				CLANG_WARN_COMMA = YES;
				CLANG_WARN_CONSTANT_CONVERSION = YES;
				CLANG_WARN_DEPRECATED_OBJC_IMPLEMENTATIONS = YES;
				CLANG_WARN_DIRECT_OBJC_ISA_USAGE = YES_ERROR;
				CLANG_WARN_DOCUMENTATION_COMMENTS = YES;
				CLANG_WARN_EMPTY_BODY = YES;
				CLANG_WARN_ENUM_CONVERSION = YES;
				CLANG_WARN_INFINITE_RECURSION = YES;
				CLANG_WARN_INT_CONVERSION = YES;
				CLANG_WARN_NON_LITERAL_NULL_CONVERSION = YES;
				CLANG_WARN_OBJC_IMPLICIT_RETAIN_SELF = YES;
				CLANG_WARN_OBJC_LITERAL_CONVERSION = YES;
				CLANG_WARN_OBJC_ROOT_CLASS = YES_ERROR;
				CLANG_WARN_QUOTED_INCLUDE_IN_FRAMEWORK_HEADER = YES;
				CLANG_WARN_RANGE_LOOP_ANALYSIS = YES;
				CLANG_WARN_STRICT_PROTOTYPES = YES;
				CLANG_WARN_SUSPICIOUS_MOVE = YES;
				CLANG_WARN_UNGUARDED_AVAILABILITY = YES_AGGRESSIVE;
				CLANG_WARN_UNREACHABLE_CODE = YES;
				CLANG_WARN__DUPLICATE_METHOD_MATCH = YES;
				COPY_PHASE_STRIP = NO;
				DEBUG_INFORMATION_FORMAT = "dwarf-with-dsym";
				ENABLE_NS_ASSERTIONS = NO;
				ENABLE_STRICT_OBJC_MSGSEND = YES;
				GCC_C_LANGUAGE_STANDARD = gnu11;
				GCC_NO_COMMON_BLOCKS = YES;
				GCC_WARN_64_TO_32_BIT_CONVERSION = YES;
				GCC_WARN_ABOUT_RETURN_TYPE = YES_ERROR;
				GCC_WARN_UNDECLARED_SELECTOR = YES;
				GCC_WARN_UNINITIALIZED_AUTOS = YES_AGGRESSIVE;
				GCC_WARN_UNUSED_FUNCTION = YES;
				GCC_WARN_UNUSED_VARIABLE = YES;
				IPHONEOS_DEPLOYMENT_TARGET = 13.0;
				MTL_ENABLE_DEBUG_INFO = NO;
				MTL_FAST_MATH = YES;
				SDKROOT = iphoneos;
				SWIFT_COMPILATION_MODE = wholemodule;
				SWIFT_OPTIMIZATION_LEVEL = "-O";
				VALIDATE_PRODUCT = YES;
			};
			name = Release;
		};
		BB551FBB2894E39E0056A32D /* Debug */ = {
			isa = XCBuildConfiguration;
			buildSettings = {
				ASSETCATALOG_COMPILER_APPICON_NAME = AppIcon;
				ASSETCATALOG_COMPILER_GLOBAL_ACCENT_COLOR_NAME = AccentColor;
				CODE_SIGN_STYLE = Automatic;
				CURRENT_PROJECT_VERSION = 1;
				GENERATE_INFOPLIST_FILE = YES;
				INFOPLIST_FILE = EmpApp/Info.plist;
				INFOPLIST_KEY_UIApplicationSupportsIndirectInputEvents = YES;
				INFOPLIST_KEY_UILaunchStoryboardName = LaunchScreen;
				INFOPLIST_KEY_UIMainStoryboardFile = Main;
				INFOPLIST_KEY_UISupportedInterfaceOrientations_iPad = "UIInterfaceOrientationPortrait UIInterfaceOrientationPortraitUpsideDown UIInterfaceOrientationLandscapeLeft UIInterfaceOrientationLandscapeRight";
				INFOPLIST_KEY_UISupportedInterfaceOrientations_iPhone = "UIInterfaceOrientationPortrait UIInterfaceOrientationLandscapeLeft UIInterfaceOrientationLandscapeRight";
				LD_RUNPATH_SEARCH_PATHS = (
					"$(inherited)",
					"@executable_path/Frameworks",
				);
				MARKETING_VERSION = 1.0;
				PRODUCT_BUNDLE_IDENTIFIER = com.swift.EmpApp;
				PRODUCT_NAME = "$(TARGET_NAME)";
				SWIFT_EMIT_LOC_STRINGS = YES;
				SWIFT_VERSION = 5.0;
				TARGETED_DEVICE_FAMILY = 1;
			};
			name = Debug;
		};
		BB551FBC2894E39E0056A32D /* Release */ = {
			isa = XCBuildConfiguration;
			buildSettings = {
				ASSETCATALOG_COMPILER_APPICON_NAME = AppIcon;
				ASSETCATALOG_COMPILER_GLOBAL_ACCENT_COLOR_NAME = AccentColor;
				CODE_SIGN_STYLE = Automatic;
				CURRENT_PROJECT_VERSION = 1;
				GENERATE_INFOPLIST_FILE = YES;
				INFOPLIST_FILE = EmpApp/Info.plist;
				INFOPLIST_KEY_UIApplicationSupportsIndirectInputEvents = YES;
				INFOPLIST_KEY_UILaunchStoryboardName = LaunchScreen;
				INFOPLIST_KEY_UIMainStoryboardFile = Main;
				INFOPLIST_KEY_UISupportedInterfaceOrientations_iPad = "UIInterfaceOrientationPortrait UIInterfaceOrientationPortraitUpsideDown UIInterfaceOrientationLandscapeLeft UIInterfaceOrientationLandscapeRight";
				INFOPLIST_KEY_UISupportedInterfaceOrientations_iPhone = "UIInterfaceOrientationPortrait UIInterfaceOrientationLandscapeLeft UIInterfaceOrientationLandscapeRight";
				LD_RUNPATH_SEARCH_PATHS = (
					"$(inherited)",
					"@executable_path/Frameworks",
				);
				MARKETING_VERSION = 1.0;
				PRODUCT_BUNDLE_IDENTIFIER = com.swift.EmpApp;
				PRODUCT_NAME = "$(TARGET_NAME)";
				SWIFT_EMIT_LOC_STRINGS = YES;
				SWIFT_VERSION = 5.0;
				TARGETED_DEVICE_FAMILY = 1;
			};
			name = Release;
		};
		BB551FBE2894E39E0056A32D /* Debug */ = {
			isa = XCBuildConfiguration;
			buildSettings = {
				ALWAYS_EMBED_SWIFT_STANDARD_LIBRARIES = YES;
				BUNDLE_LOADER = "$(TEST_HOST)";
				CODE_SIGN_STYLE = Automatic;
				CURRENT_PROJECT_VERSION = 1;
				GENERATE_INFOPLIST_FILE = YES;
				IPHONEOS_DEPLOYMENT_TARGET = 15.5;
				MARKETING_VERSION = 1.0;
				PRODUCT_BUNDLE_IDENTIFIER = com.swift.EmpAppTests;
				PRODUCT_NAME = "$(TARGET_NAME)";
				SWIFT_EMIT_LOC_STRINGS = NO;
				SWIFT_VERSION = 5.0;
				TARGETED_DEVICE_FAMILY = "1,2";
				TEST_HOST = "$(BUILT_PRODUCTS_DIR)/EmpApp.app/EmpApp";
			};
			name = Debug;
		};
		BB551FBF2894E39E0056A32D /* Release */ = {
			isa = XCBuildConfiguration;
			buildSettings = {
				ALWAYS_EMBED_SWIFT_STANDARD_LIBRARIES = YES;
				BUNDLE_LOADER = "$(TEST_HOST)";
				CODE_SIGN_STYLE = Automatic;
				CURRENT_PROJECT_VERSION = 1;
				GENERATE_INFOPLIST_FILE = YES;
				IPHONEOS_DEPLOYMENT_TARGET = 15.5;
				MARKETING_VERSION = 1.0;
				PRODUCT_BUNDLE_IDENTIFIER = com.swift.EmpAppTests;
				PRODUCT_NAME = "$(TARGET_NAME)";
				SWIFT_EMIT_LOC_STRINGS = NO;
				SWIFT_VERSION = 5.0;
				TARGETED_DEVICE_FAMILY = "1,2";
				TEST_HOST = "$(BUILT_PRODUCTS_DIR)/EmpApp.app/EmpApp";
			};
			name = Release;
		};
		BB551FC12894E39E0056A32D /* Debug */ = {
			isa = XCBuildConfiguration;
			buildSettings = {
				ALWAYS_EMBED_SWIFT_STANDARD_LIBRARIES = YES;
				CODE_SIGN_STYLE = Automatic;
				CURRENT_PROJECT_VERSION = 1;
				GENERATE_INFOPLIST_FILE = YES;
				MARKETING_VERSION = 1.0;
				PRODUCT_BUNDLE_IDENTIFIER = com.swift.EmpAppUITests;
				PRODUCT_NAME = "$(TARGET_NAME)";
				SWIFT_EMIT_LOC_STRINGS = NO;
				SWIFT_VERSION = 5.0;
				TARGETED_DEVICE_FAMILY = "1,2";
				TEST_TARGET_NAME = EmpApp;
			};
			name = Debug;
		};
		BB551FC22894E39E0056A32D /* Release */ = {
			isa = XCBuildConfiguration;
			buildSettings = {
				ALWAYS_EMBED_SWIFT_STANDARD_LIBRARIES = YES;
				CODE_SIGN_STYLE = Automatic;
				CURRENT_PROJECT_VERSION = 1;
				GENERATE_INFOPLIST_FILE = YES;
				MARKETING_VERSION = 1.0;
				PRODUCT_BUNDLE_IDENTIFIER = com.swift.EmpAppUITests;
				PRODUCT_NAME = "$(TARGET_NAME)";
				SWIFT_EMIT_LOC_STRINGS = NO;
				SWIFT_VERSION = 5.0;
				TARGETED_DEVICE_FAMILY = "1,2";
				TEST_TARGET_NAME = EmpApp;
			};
			name = Release;
		};
/* End XCBuildConfiguration section */

/* Begin XCConfigurationList section */
		BB551F8B2894E39C0056A32D /* Build configuration list for PBXProject "EmpApp" */ = {
			isa = XCConfigurationList;
			buildConfigurations = (
				BB551FB82894E39E0056A32D /* Debug */,
				BB551FB92894E39E0056A32D /* Release */,
			);
			defaultConfigurationIsVisible = 0;
			defaultConfigurationName = Release;
		};
		BB551FBA2894E39E0056A32D /* Build configuration list for PBXNativeTarget "EmpApp" */ = {
			isa = XCConfigurationList;
			buildConfigurations = (
				BB551FBB2894E39E0056A32D /* Debug */,
				BB551FBC2894E39E0056A32D /* Release */,
			);
			defaultConfigurationIsVisible = 0;
			defaultConfigurationName = Release;
		};
		BB551FBD2894E39E0056A32D /* Build configuration list for PBXNativeTarget "EmpAppTests" */ = {
			isa = XCConfigurationList;
			buildConfigurations = (
				BB551FBE2894E39E0056A32D /* Debug */,
				BB551FBF2894E39E0056A32D /* Release */,
			);
			defaultConfigurationIsVisible = 0;
			defaultConfigurationName = Release;
		};
		BB551FC02894E39E0056A32D /* Build configuration list for PBXNativeTarget "EmpAppUITests" */ = {
			isa = XCConfigurationList;
			buildConfigurations = (
				BB551FC12894E39E0056A32D /* Debug */,
				BB551FC22894E39E0056A32D /* Release */,
			);
			defaultConfigurationIsVisible = 0;
			defaultConfigurationName = Release;
		};
/* End XCConfigurationList section */

/* Begin XCSwiftPackageProductDependency section */
		BB0681322895DDD800B61C44 /* CorePackage */ = {
			isa = XCSwiftPackageProductDependency;
			productName = CorePackage;
		};
/* End XCSwiftPackageProductDependency section */
	};
	rootObject = BB551F882894E39C0056A32D /* Project object */;
}
